// !$*UTF8*$!
{
	archiveVersion = 1;
	classes = {
	};
	objectVersion = 50;
	objects = {

/* Begin PBXBuildFile section */
		6210F3B1255D8D1300A7B964 /* FeedCollectionViewFlowLayout.swift in Sources */ = {isa = PBXBuildFile; fileRef = 6210F3B0255D8D1300A7B964 /* FeedCollectionViewFlowLayout.swift */; };
		6210F3D1255DC55900A7B964 /* NSObject+assosiations.swift in Sources */ = {isa = PBXBuildFile; fileRef = 6210F3D0255DC55900A7B964 /* NSObject+assosiations.swift */; };
		6210F3D8255DC62900A7B964 /* ViewModel.swift in Sources */ = {isa = PBXBuildFile; fileRef = 6210F3D5255DC62900A7B964 /* ViewModel.swift */; };
		6210F3D9255DC62900A7B964 /* ReusableViewModelContainer.swift in Sources */ = {isa = PBXBuildFile; fileRef = 6210F3D6255DC62900A7B964 /* ReusableViewModelContainer.swift */; };
		6210F3DA255DC62900A7B964 /* ViewModelContainer.swift in Sources */ = {isa = PBXBuildFile; fileRef = 6210F3D7255DC62900A7B964 /* ViewModelContainer.swift */; };
		6210F3DD255DC71B00A7B964 /* FeedViewModel.swift in Sources */ = {isa = PBXBuildFile; fileRef = 6210F3DC255DC71B00A7B964 /* FeedViewModel.swift */; };
		6210F3F4255DF60300A7B964 /* Publisher+Bind.swift in Sources */ = {isa = PBXBuildFile; fileRef = 6210F3F3255DF60300A7B964 /* Publisher+Bind.swift */; };
		6210F3F7255DF76000A7B964 /* FlatCollectionViewDataSource.swift in Sources */ = {isa = PBXBuildFile; fileRef = 6210F3F6255DF76000A7B964 /* FlatCollectionViewDataSource.swift */; };
		6210F3FA255E267100A7B964 /* ApplicationCoordinator.swift in Sources */ = {isa = PBXBuildFile; fileRef = 6210F3F9255E267100A7B964 /* ApplicationCoordinator.swift */; };
		627E6F47255AE01E0022A654 /* AppDelegate.swift in Sources */ = {isa = PBXBuildFile; fileRef = 627E6F46255AE01E0022A654 /* AppDelegate.swift */; };
		627E6F49255AE01E0022A654 /* SceneDelegate.swift in Sources */ = {isa = PBXBuildFile; fileRef = 627E6F48255AE01E0022A654 /* SceneDelegate.swift */; };
		627E6F4B255AE01E0022A654 /* FeedViewController.swift in Sources */ = {isa = PBXBuildFile; fileRef = 627E6F4A255AE01E0022A654 /* FeedViewController.swift */; };
		627E6F4E255AE01E0022A654 /* Main.storyboard in Resources */ = {isa = PBXBuildFile; fileRef = 627E6F4C255AE01E0022A654 /* Main.storyboard */; };
		627E6F50255AE01F0022A654 /* Assets.xcassets in Resources */ = {isa = PBXBuildFile; fileRef = 627E6F4F255AE01F0022A654 /* Assets.xcassets */; };
		627E6F53255AE01F0022A654 /* LaunchScreen.storyboard in Resources */ = {isa = PBXBuildFile; fileRef = 627E6F51255AE01F0022A654 /* LaunchScreen.storyboard */; };
		627E6F70255AEF0B0022A654 /* Environmental.swift in Sources */ = {isa = PBXBuildFile; fileRef = 627E6F6F255AEF0B0022A654 /* Environmental.swift */; };
		627E6F7C255AF1CD0022A654 /* UseCaseProvider.swift in Sources */ = {isa = PBXBuildFile; fileRef = 627E6F7B255AF1CD0022A654 /* UseCaseProvider.swift */; };
		62C0CCD8255D88B5003D1A84 /* FeedCollectionViewCell.swift in Sources */ = {isa = PBXBuildFile; fileRef = 62C0CCD6255D88B5003D1A84 /* FeedCollectionViewCell.swift */; };
		62C0CCD9255D88B5003D1A84 /* FeedCollectionViewCell.xib in Resources */ = {isa = PBXBuildFile; fileRef = 62C0CCD7255D88B5003D1A84 /* FeedCollectionViewCell.xib */; };
		62D8DEFB255C093D00C58613 /* Transition.swift in Sources */ = {isa = PBXBuildFile; fileRef = 62D8DEFA255C093D00C58613 /* Transition.swift */; };
		62D8DEFF255C09A500C58613 /* AppearingTransitioning.swift in Sources */ = {isa = PBXBuildFile; fileRef = 62D8DEFE255C09A500C58613 /* AppearingTransitioning.swift */; };
		62D8DF02255C09CC00C58613 /* DisappearingTransitioning.swift in Sources */ = {isa = PBXBuildFile; fileRef = 62D8DF01255C09CC00C58613 /* DisappearingTransitioning.swift */; };
		62D8DF0A255C0AB800C58613 /* AnimatableCollectionViewCell.swift in Sources */ = {isa = PBXBuildFile; fileRef = 62D8DF09255C0AB800C58613 /* AnimatableCollectionViewCell.swift */; };
		62D8DF24255C175D00C58613 /* UITableView+dequeueReusable.swift in Sources */ = {isa = PBXBuildFile; fileRef = 62D8DF23255C175D00C58613 /* UITableView+dequeueReusable.swift */; };
		62D8DF28255C1B9F00C58613 /* UICollectionView+SupplementarySectionViewKind.swift in Sources */ = {isa = PBXBuildFile; fileRef = 62D8DF27255C1B9F00C58613 /* UICollectionView+SupplementarySectionViewKind.swift */; };
		62D8DF2C255C1C5700C58613 /* UICollectionView+registerNibWithType.swift in Sources */ = {isa = PBXBuildFile; fileRef = 62D8DF2B255C1C5700C58613 /* UICollectionView+registerNibWithType.swift */; };
		62D8DF2F255C1C7B00C58613 /* UICollectionView+dequeueReusable.swift in Sources */ = {isa = PBXBuildFile; fileRef = 62D8DF2E255C1C7B00C58613 /* UICollectionView+dequeueReusable.swift */; };
		62D8DF32255C1D4700C58613 /* UITableView+registerNibWithType.swift in Sources */ = {isa = PBXBuildFile; fileRef = 62D8DF31255C1D4700C58613 /* UITableView+registerNibWithType.swift */; };
		62FA7ADB255AF39900962487 /* CharacterSet+rfc3986.swift in Sources */ = {isa = PBXBuildFile; fileRef = 62FA7AD7255AF39900962487 /* CharacterSet+rfc3986.swift */; };
		62FA7ADC255AF39900962487 /* EncodableEncoder.swift in Sources */ = {isa = PBXBuildFile; fileRef = 62FA7AD8255AF39900962487 /* EncodableEncoder.swift */; };
		62FA7AE0255AF42700962487 /* ParameterEncoding.swift in Sources */ = {isa = PBXBuildFile; fileRef = 62FA7ADF255AF42700962487 /* ParameterEncoding.swift */; };
		62FA7AE3255AF46300962487 /* HTTPMethod.swift in Sources */ = {isa = PBXBuildFile; fileRef = 62FA7AE2255AF46300962487 /* HTTPMethod.swift */; };
		62FA7AE6255AF48700962487 /* RestfulLayer.swift in Sources */ = {isa = PBXBuildFile; fileRef = 62FA7AE5255AF48700962487 /* RestfulLayer.swift */; };
		62FA7AE9255AF4F200962487 /* TargetType.swift in Sources */ = {isa = PBXBuildFile; fileRef = 62FA7AE8255AF4F200962487 /* TargetType.swift */; };
		62FA7AEC255AF59000962487 /* Cancallable.swift in Sources */ = {isa = PBXBuildFile; fileRef = 62FA7AEB255AF59000962487 /* Cancallable.swift */; };
		62FA7AEF255AF64C00962487 /* Error.swift in Sources */ = {isa = PBXBuildFile; fileRef = 62FA7AEE255AF64C00962487 /* Error.swift */; };
		62FA7AF3255AF71800962487 /* Dictionary+Merging.swift in Sources */ = {isa = PBXBuildFile; fileRef = 62FA7AF2255AF71800962487 /* Dictionary+Merging.swift */; };
		62FDF03E255B04C9005AA413 /* Task.swift in Sources */ = {isa = PBXBuildFile; fileRef = 62FDF03D255B04C9005AA413 /* Task.swift */; };
		62FDF043255B06B9005AA413 /* Endpoint.swift in Sources */ = {isa = PBXBuildFile; fileRef = 62FDF042255B06B9005AA413 /* Endpoint.swift */; };
		62FDF046255B0712005AA413 /* JSONDecoder+iso8601.swift in Sources */ = {isa = PBXBuildFile; fileRef = 62FDF045255B0712005AA413 /* JSONDecoder+iso8601.swift */; };
/* End PBXBuildFile section */

/* Begin PBXFileReference section */
		6210F3B0255D8D1300A7B964 /* FeedCollectionViewFlowLayout.swift */ = {isa = PBXFileReference; lastKnownFileType = sourcecode.swift; path = FeedCollectionViewFlowLayout.swift; sourceTree = "<group>"; };
		6210F3D0255DC55900A7B964 /* NSObject+assosiations.swift */ = {isa = PBXFileReference; lastKnownFileType = sourcecode.swift; path = "NSObject+assosiations.swift"; sourceTree = "<group>"; };
		6210F3D5255DC62900A7B964 /* ViewModel.swift */ = {isa = PBXFileReference; fileEncoding = 4; lastKnownFileType = sourcecode.swift; path = ViewModel.swift; sourceTree = "<group>"; };
		6210F3D6255DC62900A7B964 /* ReusableViewModelContainer.swift */ = {isa = PBXFileReference; fileEncoding = 4; lastKnownFileType = sourcecode.swift; path = ReusableViewModelContainer.swift; sourceTree = "<group>"; };
		6210F3D7255DC62900A7B964 /* ViewModelContainer.swift */ = {isa = PBXFileReference; fileEncoding = 4; lastKnownFileType = sourcecode.swift; path = ViewModelContainer.swift; sourceTree = "<group>"; };
		6210F3DC255DC71B00A7B964 /* FeedViewModel.swift */ = {isa = PBXFileReference; lastKnownFileType = sourcecode.swift; path = FeedViewModel.swift; sourceTree = "<group>"; };
		6210F3F3255DF60300A7B964 /* Publisher+Bind.swift */ = {isa = PBXFileReference; lastKnownFileType = sourcecode.swift; path = "Publisher+Bind.swift"; sourceTree = "<group>"; };
		6210F3F6255DF76000A7B964 /* FlatCollectionViewDataSource.swift */ = {isa = PBXFileReference; lastKnownFileType = sourcecode.swift; path = FlatCollectionViewDataSource.swift; sourceTree = "<group>"; };
		6210F3F9255E267100A7B964 /* ApplicationCoordinator.swift */ = {isa = PBXFileReference; lastKnownFileType = sourcecode.swift; path = ApplicationCoordinator.swift; sourceTree = "<group>"; };
		627E6F43255AE01E0022A654 /* Reddit.app */ = {isa = PBXFileReference; explicitFileType = wrapper.application; includeInIndex = 0; path = Reddit.app; sourceTree = BUILT_PRODUCTS_DIR; };
		627E6F46255AE01E0022A654 /* AppDelegate.swift */ = {isa = PBXFileReference; lastKnownFileType = sourcecode.swift; path = AppDelegate.swift; sourceTree = "<group>"; };
		627E6F48255AE01E0022A654 /* SceneDelegate.swift */ = {isa = PBXFileReference; lastKnownFileType = sourcecode.swift; path = SceneDelegate.swift; sourceTree = "<group>"; };
		627E6F4A255AE01E0022A654 /* FeedViewController.swift */ = {isa = PBXFileReference; lastKnownFileType = sourcecode.swift; path = FeedViewController.swift; sourceTree = "<group>"; };
		627E6F4D255AE01E0022A654 /* Base */ = {isa = PBXFileReference; lastKnownFileType = file.storyboard; name = Base; path = Base.lproj/Main.storyboard; sourceTree = "<group>"; };
		627E6F4F255AE01F0022A654 /* Assets.xcassets */ = {isa = PBXFileReference; lastKnownFileType = folder.assetcatalog; path = Assets.xcassets; sourceTree = "<group>"; };
		627E6F52255AE01F0022A654 /* Base */ = {isa = PBXFileReference; lastKnownFileType = file.storyboard; name = Base; path = Base.lproj/LaunchScreen.storyboard; sourceTree = "<group>"; };
		627E6F54255AE01F0022A654 /* Info.plist */ = {isa = PBXFileReference; lastKnownFileType = text.plist.xml; path = Info.plist; sourceTree = "<group>"; };
		627E6F6F255AEF0B0022A654 /* Environmental.swift */ = {isa = PBXFileReference; lastKnownFileType = sourcecode.swift; path = Environmental.swift; sourceTree = "<group>"; };
		627E6F7B255AF1CD0022A654 /* UseCaseProvider.swift */ = {isa = PBXFileReference; lastKnownFileType = sourcecode.swift; path = UseCaseProvider.swift; sourceTree = "<group>"; };
		62C0CCD6255D88B5003D1A84 /* FeedCollectionViewCell.swift */ = {isa = PBXFileReference; fileEncoding = 4; lastKnownFileType = sourcecode.swift; path = FeedCollectionViewCell.swift; sourceTree = "<group>"; };
		62C0CCD7255D88B5003D1A84 /* FeedCollectionViewCell.xib */ = {isa = PBXFileReference; fileEncoding = 4; lastKnownFileType = file.xib; path = FeedCollectionViewCell.xib; sourceTree = "<group>"; };
		62D8DEFA255C093D00C58613 /* Transition.swift */ = {isa = PBXFileReference; lastKnownFileType = sourcecode.swift; path = Transition.swift; sourceTree = "<group>"; };
		62D8DEFE255C09A500C58613 /* AppearingTransitioning.swift */ = {isa = PBXFileReference; lastKnownFileType = sourcecode.swift; path = AppearingTransitioning.swift; sourceTree = "<group>"; };
		62D8DF01255C09CC00C58613 /* DisappearingTransitioning.swift */ = {isa = PBXFileReference; lastKnownFileType = sourcecode.swift; path = DisappearingTransitioning.swift; sourceTree = "<group>"; };
		62D8DF09255C0AB800C58613 /* AnimatableCollectionViewCell.swift */ = {isa = PBXFileReference; lastKnownFileType = sourcecode.swift; path = AnimatableCollectionViewCell.swift; sourceTree = "<group>"; };
		62D8DF23255C175D00C58613 /* UITableView+dequeueReusable.swift */ = {isa = PBXFileReference; lastKnownFileType = sourcecode.swift; path = "UITableView+dequeueReusable.swift"; sourceTree = "<group>"; };
		62D8DF27255C1B9F00C58613 /* UICollectionView+SupplementarySectionViewKind.swift */ = {isa = PBXFileReference; lastKnownFileType = sourcecode.swift; path = "UICollectionView+SupplementarySectionViewKind.swift"; sourceTree = "<group>"; };
		62D8DF2B255C1C5700C58613 /* UICollectionView+registerNibWithType.swift */ = {isa = PBXFileReference; lastKnownFileType = sourcecode.swift; path = "UICollectionView+registerNibWithType.swift"; sourceTree = "<group>"; };
		62D8DF2E255C1C7B00C58613 /* UICollectionView+dequeueReusable.swift */ = {isa = PBXFileReference; lastKnownFileType = sourcecode.swift; path = "UICollectionView+dequeueReusable.swift"; sourceTree = "<group>"; };
		62D8DF31255C1D4700C58613 /* UITableView+registerNibWithType.swift */ = {isa = PBXFileReference; lastKnownFileType = sourcecode.swift; path = "UITableView+registerNibWithType.swift"; sourceTree = "<group>"; };
		62FA7AD7255AF39900962487 /* CharacterSet+rfc3986.swift */ = {isa = PBXFileReference; fileEncoding = 4; lastKnownFileType = sourcecode.swift; path = "CharacterSet+rfc3986.swift"; sourceTree = "<group>"; };
		62FA7AD8255AF39900962487 /* EncodableEncoder.swift */ = {isa = PBXFileReference; fileEncoding = 4; lastKnownFileType = sourcecode.swift; path = EncodableEncoder.swift; sourceTree = "<group>"; };
		62FA7ADF255AF42700962487 /* ParameterEncoding.swift */ = {isa = PBXFileReference; lastKnownFileType = sourcecode.swift; path = ParameterEncoding.swift; sourceTree = "<group>"; };
		62FA7AE2255AF46300962487 /* HTTPMethod.swift */ = {isa = PBXFileReference; lastKnownFileType = sourcecode.swift; path = HTTPMethod.swift; sourceTree = "<group>"; };
		62FA7AE5255AF48700962487 /* RestfulLayer.swift */ = {isa = PBXFileReference; lastKnownFileType = sourcecode.swift; path = RestfulLayer.swift; sourceTree = "<group>"; };
		62FA7AE8255AF4F200962487 /* TargetType.swift */ = {isa = PBXFileReference; lastKnownFileType = sourcecode.swift; path = TargetType.swift; sourceTree = "<group>"; };
		62FA7AEB255AF59000962487 /* Cancallable.swift */ = {isa = PBXFileReference; lastKnownFileType = sourcecode.swift; path = Cancallable.swift; sourceTree = "<group>"; };
		62FA7AEE255AF64C00962487 /* Error.swift */ = {isa = PBXFileReference; lastKnownFileType = sourcecode.swift; path = Error.swift; sourceTree = "<group>"; };
		62FA7AF2255AF71800962487 /* Dictionary+Merging.swift */ = {isa = PBXFileReference; lastKnownFileType = sourcecode.swift; path = "Dictionary+Merging.swift"; sourceTree = "<group>"; };
		62FDF03D255B04C9005AA413 /* Task.swift */ = {isa = PBXFileReference; lastKnownFileType = sourcecode.swift; path = Task.swift; sourceTree = "<group>"; };
		62FDF042255B06B9005AA413 /* Endpoint.swift */ = {isa = PBXFileReference; lastKnownFileType = sourcecode.swift; path = Endpoint.swift; sourceTree = "<group>"; };
		62FDF045255B0712005AA413 /* JSONDecoder+iso8601.swift */ = {isa = PBXFileReference; lastKnownFileType = sourcecode.swift; path = "JSONDecoder+iso8601.swift"; sourceTree = "<group>"; };
/* End PBXFileReference section */

/* Begin PBXFrameworksBuildPhase section */
		627E6F40255AE01E0022A654 /* Frameworks */ = {
			isa = PBXFrameworksBuildPhase;
			buildActionMask = 2147483647;
			files = (
			);
			runOnlyForDeploymentPostprocessing = 0;
		};
/* End PBXFrameworksBuildPhase section */

/* Begin PBXGroup section */
		6210F3D3255DC5F100A7B964 /* Protocols */ = {
			isa = PBXGroup;
			children = (
				6210F3D4255DC61900A7B964 /* ViewModel */,
			);
			path = Protocols;
			sourceTree = "<group>";
		};
		6210F3D4255DC61900A7B964 /* ViewModel */ = {
			isa = PBXGroup;
			children = (
				6210F3D5255DC62900A7B964 /* ViewModel.swift */,
				6210F3D7255DC62900A7B964 /* ViewModelContainer.swift */,
				6210F3D6255DC62900A7B964 /* ReusableViewModelContainer.swift */,
			);
			path = ViewModel;
			sourceTree = "<group>";
		};
		6210F3F1255DF56B00A7B964 /* Combine */ = {
			isa = PBXGroup;
			children = (
				6210F3F3255DF60300A7B964 /* Publisher+Bind.swift */,
			);
			path = Combine;
			sourceTree = "<group>";
		};
		627E6F3A255AE01E0022A654 = {
			isa = PBXGroup;
			children = (
				627E6F79255AF19E0022A654 /* Extensions */,
				627E6F78255AF18D0022A654 /* Domain */,
				627E6F77255AF1750022A654 /* Platform */,
				627E6F45255AE01E0022A654 /* Reddit */,
				627E6F44255AE01E0022A654 /* Products */,
			);
			sourceTree = "<group>";
		};
		627E6F44255AE01E0022A654 /* Products */ = {
			isa = PBXGroup;
			children = (
				627E6F43255AE01E0022A654 /* Reddit.app */,
			);
			name = Products;
			sourceTree = "<group>";
		};
		627E6F45255AE01E0022A654 /* Reddit */ = {
			isa = PBXGroup;
			children = (
				627E6F7E255AF2470022A654 /* Sources */,
				627E6F72255AF0920022A654 /* Resources */,
				627E6F6E255AEED40022A654 /* Configuration */,
				627E6F4F255AE01F0022A654 /* Assets.xcassets */,
			);
			path = Reddit;
			sourceTree = "<group>";
		};
		627E6F6E255AEED40022A654 /* Configuration */ = {
			isa = PBXGroup;
			children = (
				627E6F6F255AEF0B0022A654 /* Environmental.swift */,
				627E6F54255AE01F0022A654 /* Info.plist */,
			);
			path = Configuration;
			sourceTree = "<group>";
		};
		627E6F72255AF0920022A654 /* Resources */ = {
			isa = PBXGroup;
			children = (
				627E6F73255AF09F0022A654 /* Storyboards */,
			);
			path = Resources;
			sourceTree = "<group>";
		};
		627E6F73255AF09F0022A654 /* Storyboards */ = {
			isa = PBXGroup;
			children = (
				627E6F4C255AE01E0022A654 /* Main.storyboard */,
				627E6F51255AE01F0022A654 /* LaunchScreen.storyboard */,
			);
			path = Storyboards;
			sourceTree = "<group>";
		};
		627E6F77255AF1750022A654 /* Platform */ = {
			isa = PBXGroup;
			children = (
				6210F3D3255DC5F100A7B964 /* Protocols */,
				62D8DEF7255C023300C58613 /* API */,
				62FA7AD4255AF32600962487 /* RestfulLayer */,
			);
			path = Platform;
			sourceTree = "<group>";
		};
		627E6F78255AF18D0022A654 /* Domain */ = {
			isa = PBXGroup;
			children = (
				627E6F7A255AF1B70022A654 /* UseCases */,
			);
			path = Domain;
			sourceTree = "<group>";
		};
		627E6F79255AF19E0022A654 /* Extensions */ = {
			isa = PBXGroup;
			children = (
				6210F3F1255DF56B00A7B964 /* Combine */,
				62D8DF1F255C166A00C58613 /* UIKit */,
				62FA7AF1255AF70000962487 /* Foundation */,
			);
			path = Extensions;
			sourceTree = "<group>";
		};
		627E6F7A255AF1B70022A654 /* UseCases */ = {
			isa = PBXGroup;
			children = (
				627E6F7B255AF1CD0022A654 /* UseCaseProvider.swift */,
			);
			path = UseCases;
			sourceTree = "<group>";
		};
		627E6F7E255AF2470022A654 /* Sources */ = {
			isa = PBXGroup;
			children = (
				62D8DF10255C0BE700C58613 /* Application */,
				62D8DF0C255C0B5000C58613 /* General */,
				62D8DF0E255C0B9A00C58613 /* Modules */,
			);
			path = Sources;
			sourceTree = "<group>";
		};
		62D8DEF7255C023300C58613 /* API */ = {
			isa = PBXGroup;
			children = (
			);
			path = API;
			sourceTree = "<group>";
		};
		62D8DF05255C0A0B00C58613 /* Transitioning */ = {
			isa = PBXGroup;
			children = (
				62D8DEFA255C093D00C58613 /* Transition.swift */,
				62D8DEFE255C09A500C58613 /* AppearingTransitioning.swift */,
				62D8DF01255C09CC00C58613 /* DisappearingTransitioning.swift */,
			);
			path = Transitioning;
			sourceTree = "<group>";
		};
		62D8DF0C255C0B5000C58613 /* General */ = {
			isa = PBXGroup;
			children = (
				62D8DF05255C0A0B00C58613 /* Transitioning */,
				62D8DF0D255C0B5F00C58613 /* CollectionViewCells */,
				6210F3F6255DF76000A7B964 /* FlatCollectionViewDataSource.swift */,
			);
			path = General;
			sourceTree = "<group>";
		};
		62D8DF0D255C0B5F00C58613 /* CollectionViewCells */ = {
			isa = PBXGroup;
			children = (
				62D8DF09255C0AB800C58613 /* AnimatableCollectionViewCell.swift */,
			);
			path = CollectionViewCells;
			sourceTree = "<group>";
		};
		62D8DF0E255C0B9A00C58613 /* Modules */ = {
			isa = PBXGroup;
			children = (
				62D8DF0F255C0BC200C58613 /* Feed */,
			);
			path = Modules;
			sourceTree = "<group>";
		};
		62D8DF0F255C0BC200C58613 /* Feed */ = {
			isa = PBXGroup;
			children = (
				6210F3DC255DC71B00A7B964 /* FeedViewModel.swift */,
				62C0CCD6255D88B5003D1A84 /* FeedCollectionViewCell.swift */,
				62C0CCD7255D88B5003D1A84 /* FeedCollectionViewCell.xib */,
				627E6F4A255AE01E0022A654 /* FeedViewController.swift */,
				6210F3B0255D8D1300A7B964 /* FeedCollectionViewFlowLayout.swift */,
			);
			path = Feed;
			sourceTree = "<group>";
		};
		62D8DF10255C0BE700C58613 /* Application */ = {
			isa = PBXGroup;
			children = (
				627E6F46255AE01E0022A654 /* AppDelegate.swift */,
				627E6F48255AE01E0022A654 /* SceneDelegate.swift */,
				6210F3F9255E267100A7B964 /* ApplicationCoordinator.swift */,
			);
			path = Application;
			sourceTree = "<group>";
		};
		62D8DF1F255C166A00C58613 /* UIKit */ = {
			isa = PBXGroup;
			children = (
				62D8DF22255C16EE00C58613 /* UITableView */,
				62D8DF21255C16E400C58613 /* UICollectionView */,
			);
			path = UIKit;
			sourceTree = "<group>";
		};
		62D8DF21255C16E400C58613 /* UICollectionView */ = {
			isa = PBXGroup;
			children = (
				62D8DF2B255C1C5700C58613 /* UICollectionView+registerNibWithType.swift */,
				62D8DF27255C1B9F00C58613 /* UICollectionView+SupplementarySectionViewKind.swift */,
				62D8DF2E255C1C7B00C58613 /* UICollectionView+dequeueReusable.swift */,
			);
			path = UICollectionView;
			sourceTree = "<group>";
		};
		62D8DF22255C16EE00C58613 /* UITableView */ = {
			isa = PBXGroup;
			children = (
				62D8DF31255C1D4700C58613 /* UITableView+registerNibWithType.swift */,
				62D8DF23255C175D00C58613 /* UITableView+dequeueReusable.swift */,
			);
			path = UITableView;
			sourceTree = "<group>";
		};
		62FA7AD4255AF32600962487 /* RestfulLayer */ = {
			isa = PBXGroup;
			children = (
				62FDF040255B067C005AA413 /* Protocols */,
				62FA7AD5255AF37600962487 /* Encoding */,
				62FA7AE5255AF48700962487 /* RestfulLayer.swift */,
				62FA7AEE255AF64C00962487 /* Error.swift */,
				62FDF03D255B04C9005AA413 /* Task.swift */,
				62FDF042255B06B9005AA413 /* Endpoint.swift */,
			);
			path = RestfulLayer;
			sourceTree = "<group>";
		};
		62FA7AD5255AF37600962487 /* Encoding */ = {
			isa = PBXGroup;
			children = (
				62FA7AD8255AF39900962487 /* EncodableEncoder.swift */,
				62FA7AE2255AF46300962487 /* HTTPMethod.swift */,
			);
			path = Encoding;
			sourceTree = "<group>";
		};
		62FA7AF1255AF70000962487 /* Foundation */ = {
			isa = PBXGroup;
			children = (
				62FA7AF2255AF71800962487 /* Dictionary+Merging.swift */,
				62FA7AD7255AF39900962487 /* CharacterSet+rfc3986.swift */,
				62FDF045255B0712005AA413 /* JSONDecoder+iso8601.swift */,
				6210F3D0255DC55900A7B964 /* NSObject+assosiations.swift */,
			);
			path = Foundation;
			sourceTree = "<group>";
		};
		62FDF040255B067C005AA413 /* Protocols */ = {
			isa = PBXGroup;
			children = (
				62FA7AEB255AF59000962487 /* Cancallable.swift */,
				62FA7AE8255AF4F200962487 /* TargetType.swift */,
				62FA7ADF255AF42700962487 /* ParameterEncoding.swift */,
			);
			path = Protocols;
			sourceTree = "<group>";
		};
/* End PBXGroup section */

/* Begin PBXNativeTarget section */
		627E6F42255AE01E0022A654 /* Reddit */ = {
			isa = PBXNativeTarget;
			buildConfigurationList = 627E6F57255AE01F0022A654 /* Build configuration list for PBXNativeTarget "Reddit" */;
			buildPhases = (
				627E6F3F255AE01E0022A654 /* Sources */,
				627E6F40255AE01E0022A654 /* Frameworks */,
				627E6F41255AE01E0022A654 /* Resources */,
			);
			buildRules = (
			);
			dependencies = (
			);
			name = Reddit;
			productName = Reddit;
			productReference = 627E6F43255AE01E0022A654 /* Reddit.app */;
			productType = "com.apple.product-type.application";
		};
/* End PBXNativeTarget section */

/* Begin PBXProject section */
		627E6F3B255AE01E0022A654 /* Project object */ = {
			isa = PBXProject;
			attributes = {
				LastSwiftUpdateCheck = 1210;
				LastUpgradeCheck = 1210;
				TargetAttributes = {
					627E6F42255AE01E0022A654 = {
						CreatedOnToolsVersion = 12.1;
					};
				};
			};
			buildConfigurationList = 627E6F3E255AE01E0022A654 /* Build configuration list for PBXProject "Reddit" */;
			compatibilityVersion = "Xcode 9.3";
			developmentRegion = en;
			hasScannedForEncodings = 0;
			knownRegions = (
				en,
				Base,
			);
			mainGroup = 627E6F3A255AE01E0022A654;
			productRefGroup = 627E6F44255AE01E0022A654 /* Products */;
			projectDirPath = "";
			projectRoot = "";
			targets = (
				627E6F42255AE01E0022A654 /* Reddit */,
			);
		};
/* End PBXProject section */

/* Begin PBXResourcesBuildPhase section */
		627E6F41255AE01E0022A654 /* Resources */ = {
			isa = PBXResourcesBuildPhase;
			buildActionMask = 2147483647;
			files = (
				627E6F53255AE01F0022A654 /* LaunchScreen.storyboard in Resources */,
				627E6F50255AE01F0022A654 /* Assets.xcassets in Resources */,
				62C0CCD9255D88B5003D1A84 /* FeedCollectionViewCell.xib in Resources */,
				627E6F4E255AE01E0022A654 /* Main.storyboard in Resources */,
			);
			runOnlyForDeploymentPostprocessing = 0;
		};
/* End PBXResourcesBuildPhase section */

/* Begin PBXSourcesBuildPhase section */
		627E6F3F255AE01E0022A654 /* Sources */ = {
			isa = PBXSourcesBuildPhase;
			buildActionMask = 2147483647;
			files = (
				62D8DEFB255C093D00C58613 /* Transition.swift in Sources */,
				62D8DF2C255C1C5700C58613 /* UICollectionView+registerNibWithType.swift in Sources */,
				6210F3DA255DC62900A7B964 /* ViewModelContainer.swift in Sources */,
				627E6F70255AEF0B0022A654 /* Environmental.swift in Sources */,
				62D8DF24255C175D00C58613 /* UITableView+dequeueReusable.swift in Sources */,
				6210F3DD255DC71B00A7B964 /* FeedViewModel.swift in Sources */,
				627E6F7C255AF1CD0022A654 /* UseCaseProvider.swift in Sources */,
				6210F3F7255DF76000A7B964 /* FlatCollectionViewDataSource.swift in Sources */,
				62C0CCD8255D88B5003D1A84 /* FeedCollectionViewCell.swift in Sources */,
				62FA7AE9255AF4F200962487 /* TargetType.swift in Sources */,
				62FA7AE0255AF42700962487 /* ParameterEncoding.swift in Sources */,
				62FA7AE3255AF46300962487 /* HTTPMethod.swift in Sources */,
				627E6F4B255AE01E0022A654 /* FeedViewController.swift in Sources */,
				6210F3D9255DC62900A7B964 /* ReusableViewModelContainer.swift in Sources */,
				6210F3D8255DC62900A7B964 /* ViewModel.swift in Sources */,
				62D8DEFF255C09A500C58613 /* AppearingTransitioning.swift in Sources */,
				6210F3F4255DF60300A7B964 /* Publisher+Bind.swift in Sources */,
				627E6F47255AE01E0022A654 /* AppDelegate.swift in Sources */,
				627E6F49255AE01E0022A654 /* SceneDelegate.swift in Sources */,
				62FDF043255B06B9005AA413 /* Endpoint.swift in Sources */,
				62FA7AEC255AF59000962487 /* Cancallable.swift in Sources */,
				62FA7ADC255AF39900962487 /* EncodableEncoder.swift in Sources */,
				62D8DF0A255C0AB800C58613 /* AnimatableCollectionViewCell.swift in Sources */,
				6210F3FA255E267100A7B964 /* ApplicationCoordinator.swift in Sources */,
				62FA7ADB255AF39900962487 /* CharacterSet+rfc3986.swift in Sources */,
				62FA7AF3255AF71800962487 /* Dictionary+Merging.swift in Sources */,
				62FDF046255B0712005AA413 /* JSONDecoder+iso8601.swift in Sources */,
				62FA7AEF255AF64C00962487 /* Error.swift in Sources */,
				62FDF03E255B04C9005AA413 /* Task.swift in Sources */,
				62D8DF02255C09CC00C58613 /* DisappearingTransitioning.swift in Sources */,
				62FA7AE6255AF48700962487 /* RestfulLayer.swift in Sources */,
				6210F3D1255DC55900A7B964 /* NSObject+assosiations.swift in Sources */,
				62D8DF2F255C1C7B00C58613 /* UICollectionView+dequeueReusable.swift in Sources */,
				62D8DF32255C1D4700C58613 /* UITableView+registerNibWithType.swift in Sources */,
				6210F3B1255D8D1300A7B964 /* FeedCollectionViewFlowLayout.swift in Sources */,
				62D8DF28255C1B9F00C58613 /* UICollectionView+SupplementarySectionViewKind.swift in Sources */,
			);
			runOnlyForDeploymentPostprocessing = 0;
		};
/* End PBXSourcesBuildPhase section */

/* Begin PBXVariantGroup section */
		627E6F4C255AE01E0022A654 /* Main.storyboard */ = {
			isa = PBXVariantGroup;
			children = (
				627E6F4D255AE01E0022A654 /* Base */,
			);
			name = Main.storyboard;
			sourceTree = "<group>";
		};
		627E6F51255AE01F0022A654 /* LaunchScreen.storyboard */ = {
			isa = PBXVariantGroup;
			children = (
				627E6F52255AE01F0022A654 /* Base */,
			);
			name = LaunchScreen.storyboard;
			sourceTree = "<group>";
		};
/* End PBXVariantGroup section */

/* Begin XCBuildConfiguration section */
		627E6F55255AE01F0022A654 /* Debug */ = {
			isa = XCBuildConfiguration;
			buildSettings = {
				ALWAYS_SEARCH_USER_PATHS = NO;
				CLANG_ANALYZER_NONNULL = YES;
				CLANG_ANALYZER_NUMBER_OBJECT_CONVERSION = YES_AGGRESSIVE;
				CLANG_CXX_LANGUAGE_STANDARD = "gnu++14";
				CLANG_CXX_LIBRARY = "libc++";
				CLANG_ENABLE_MODULES = YES;
				CLANG_ENABLE_OBJC_ARC = YES;
				CLANG_ENABLE_OBJC_WEAK = YES;
				CLANG_WARN_BLOCK_CAPTURE_AUTORELEASING = YES;
				CLANG_WARN_BOOL_CONVERSION = YES;
				CLANG_WARN_COMMA = YES;
				CLANG_WARN_CONSTANT_CONVERSION = YES;
				CLANG_WARN_DEPRECATED_OBJC_IMPLEMENTATIONS = YES;
				CLANG_WARN_DIRECT_OBJC_ISA_USAGE = YES_ERROR;
				CLANG_WARN_DOCUMENTATION_COMMENTS = YES;
				CLANG_WARN_EMPTY_BODY = YES;
				CLANG_WARN_ENUM_CONVERSION = YES;
				CLANG_WARN_INFINITE_RECURSION = YES;
				CLANG_WARN_INT_CONVERSION = YES;
				CLANG_WARN_NON_LITERAL_NULL_CONVERSION = YES;
				CLANG_WARN_OBJC_IMPLICIT_RETAIN_SELF = YES;
				CLANG_WARN_OBJC_LITERAL_CONVERSION = YES;
				CLANG_WARN_OBJC_ROOT_CLASS = YES_ERROR;
				CLANG_WARN_QUOTED_INCLUDE_IN_FRAMEWORK_HEADER = YES;
				CLANG_WARN_RANGE_LOOP_ANALYSIS = YES;
				CLANG_WARN_STRICT_PROTOTYPES = YES;
				CLANG_WARN_SUSPICIOUS_MOVE = YES;
				CLANG_WARN_UNGUARDED_AVAILABILITY = YES_AGGRESSIVE;
				CLANG_WARN_UNREACHABLE_CODE = YES;
				CLANG_WARN__DUPLICATE_METHOD_MATCH = YES;
				COPY_PHASE_STRIP = NO;
				DEBUG_INFORMATION_FORMAT = dwarf;
				ENABLE_STRICT_OBJC_MSGSEND = YES;
				ENABLE_TESTABILITY = YES;
				GCC_C_LANGUAGE_STANDARD = gnu11;
				GCC_DYNAMIC_NO_PIC = NO;
				GCC_NO_COMMON_BLOCKS = YES;
				GCC_OPTIMIZATION_LEVEL = 0;
				GCC_PREPROCESSOR_DEFINITIONS = (
					"DEBUG=1",
					"$(inherited)",
				);
				GCC_WARN_64_TO_32_BIT_CONVERSION = YES;
				GCC_WARN_ABOUT_RETURN_TYPE = YES_ERROR;
				GCC_WARN_UNDECLARED_SELECTOR = YES;
				GCC_WARN_UNINITIALIZED_AUTOS = YES_AGGRESSIVE;
				GCC_WARN_UNUSED_FUNCTION = YES;
				GCC_WARN_UNUSED_VARIABLE = YES;
				IPHONEOS_DEPLOYMENT_TARGET = 14.1;
				MTL_ENABLE_DEBUG_INFO = INCLUDE_SOURCE;
				MTL_FAST_MATH = YES;
				ONLY_ACTIVE_ARCH = YES;
				SDKROOT = iphoneos;
				SWIFT_ACTIVE_COMPILATION_CONDITIONS = DEBUG;
				SWIFT_OPTIMIZATION_LEVEL = "-Onone";
			};
			name = Debug;
		};
		627E6F56255AE01F0022A654 /* Release */ = {
			isa = XCBuildConfiguration;
			buildSettings = {
				ALWAYS_SEARCH_USER_PATHS = NO;
				CLANG_ANALYZER_NONNULL = YES;
				CLANG_ANALYZER_NUMBER_OBJECT_CONVERSION = YES_AGGRESSIVE;
				CLANG_CXX_LANGUAGE_STANDARD = "gnu++14";
				CLANG_CXX_LIBRARY = "libc++";
				CLANG_ENABLE_MODULES = YES;
				CLANG_ENABLE_OBJC_ARC = YES;
				CLANG_ENABLE_OBJC_WEAK = YES;
				CLANG_WARN_BLOCK_CAPTURE_AUTORELEASING = YES;
				CLANG_WARN_BOOL_CONVERSION = YES;
				CLANG_WARN_COMMA = YES;
				CLANG_WARN_CONSTANT_CONVERSION = YES;
				CLANG_WARN_DEPRECATED_OBJC_IMPLEMENTATIONS = YES;
				CLANG_WARN_DIRECT_OBJC_ISA_USAGE = YES_ERROR;
				CLANG_WARN_DOCUMENTATION_COMMENTS = YES;
				CLANG_WARN_EMPTY_BODY = YES;
				CLANG_WARN_ENUM_CONVERSION = YES;
				CLANG_WARN_INFINITE_RECURSION = YES;
				CLANG_WARN_INT_CONVERSION = YES;
				CLANG_WARN_NON_LITERAL_NULL_CONVERSION = YES;
				CLANG_WARN_OBJC_IMPLICIT_RETAIN_SELF = YES;
				CLANG_WARN_OBJC_LITERAL_CONVERSION = YES;
				CLANG_WARN_OBJC_ROOT_CLASS = YES_ERROR;
				CLANG_WARN_QUOTED_INCLUDE_IN_FRAMEWORK_HEADER = YES;
				CLANG_WARN_RANGE_LOOP_ANALYSIS = YES;
				CLANG_WARN_STRICT_PROTOTYPES = YES;
				CLANG_WARN_SUSPICIOUS_MOVE = YES;
				CLANG_WARN_UNGUARDED_AVAILABILITY = YES_AGGRESSIVE;
				CLANG_WARN_UNREACHABLE_CODE = YES;
				CLANG_WARN__DUPLICATE_METHOD_MATCH = YES;
				COPY_PHASE_STRIP = NO;
				DEBUG_INFORMATION_FORMAT = "dwarf-with-dsym";
				ENABLE_NS_ASSERTIONS = NO;
				ENABLE_STRICT_OBJC_MSGSEND = YES;
				GCC_C_LANGUAGE_STANDARD = gnu11;
				GCC_NO_COMMON_BLOCKS = YES;
				GCC_WARN_64_TO_32_BIT_CONVERSION = YES;
				GCC_WARN_ABOUT_RETURN_TYPE = YES_ERROR;
				GCC_WARN_UNDECLARED_SELECTOR = YES;
				GCC_WARN_UNINITIALIZED_AUTOS = YES_AGGRESSIVE;
				GCC_WARN_UNUSED_FUNCTION = YES;
				GCC_WARN_UNUSED_VARIABLE = YES;
				IPHONEOS_DEPLOYMENT_TARGET = 14.1;
				MTL_ENABLE_DEBUG_INFO = NO;
				MTL_FAST_MATH = YES;
				SDKROOT = iphoneos;
				SWIFT_COMPILATION_MODE = wholemodule;
				SWIFT_OPTIMIZATION_LEVEL = "-O";
				VALIDATE_PRODUCT = YES;
			};
			name = Release;
		};
		627E6F58255AE01F0022A654 /* Debug */ = {
			isa = XCBuildConfiguration;
			buildSettings = {
				ASSETCATALOG_COMPILER_APPICON_NAME = AppIcon;
				ASSETCATALOG_COMPILER_GLOBAL_ACCENT_COLOR_NAME = AccentColor;
				CODE_SIGN_STYLE = Automatic;
				DEVELOPMENT_TEAM = W6RMDF3HTL;
				INFOPLIST_FILE = "$(SRCROOT)/Reddit/Configuration/Info.plist";
				IPHONEOS_DEPLOYMENT_TARGET = 14.0;
				LD_RUNPATH_SEARCH_PATHS = (
					"$(inherited)",
					"@executable_path/Frameworks",
				);
				PRODUCT_BUNDLE_IDENTIFIER = com.raketa.Reddit;
				PRODUCT_NAME = "$(TARGET_NAME)";
				SWIFT_VERSION = 5.0;
				TARGETED_DEVICE_FAMILY = 1;
			};
			name = Debug;
		};
		627E6F59255AE01F0022A654 /* Release */ = {
			isa = XCBuildConfiguration;
			buildSettings = {
				ASSETCATALOG_COMPILER_APPICON_NAME = AppIcon;
				ASSETCATALOG_COMPILER_GLOBAL_ACCENT_COLOR_NAME = AccentColor;
				CODE_SIGN_STYLE = Automatic;
				DEVELOPMENT_TEAM = W6RMDF3HTL;
				INFOPLIST_FILE = "$(SRCROOT)/Reddit/Configuration/Info.plist";
				IPHONEOS_DEPLOYMENT_TARGET = 14.0;
				LD_RUNPATH_SEARCH_PATHS = (
					"$(inherited)",
					"@executable_path/Frameworks",
				);
				PRODUCT_BUNDLE_IDENTIFIER = com.raketa.Reddit;
				PRODUCT_NAME = "$(TARGET_NAME)";
				SWIFT_VERSION = 5.0;
				TARGETED_DEVICE_FAMILY = 1;
			};
			name = Release;
		};
/* End XCBuildConfiguration section */

/* Begin XCConfigurationList section */
		627E6F3E255AE01E0022A654 /* Build configuration list for PBXProject "Reddit" */ = {
			isa = XCConfigurationList;
			buildConfigurations = (
				627E6F55255AE01F0022A654 /* Debug */,
				627E6F56255AE01F0022A654 /* Release */,
			);
			defaultConfigurationIsVisible = 0;
			defaultConfigurationName = Release;
		};
		627E6F57255AE01F0022A654 /* Build configuration list for PBXNativeTarget "Reddit" */ = {
			isa = XCConfigurationList;
			buildConfigurations = (
				627E6F58255AE01F0022A654 /* Debug */,
				627E6F59255AE01F0022A654 /* Release */,
			);
			defaultConfigurationIsVisible = 0;
			defaultConfigurationName = Release;
		};
/* End XCConfigurationList section */
	};
	rootObject = 627E6F3B255AE01E0022A654 /* Project object */;
}
