// !$*UTF8*$!
{
	archiveVersion = 1;
	classes = {
	};
	objectVersion = 50;
	objects = {

/* Begin PBXBuildFile section */
		620934CD256229C000F2E54D /* URLSession+DownloadTask.swift in Sources */ = {isa = PBXBuildFile; fileRef = 620934CC256229C000F2E54D /* URLSession+DownloadTask.swift */; };
		620934D525622CA800F2E54D /* RedditPicturesService.swift in Sources */ = {isa = PBXBuildFile; fileRef = 620934D425622CA800F2E54D /* RedditPicturesService.swift */; };
		620934D925622CFD00F2E54D /* RedditPicturesUseCase.swift in Sources */ = {isa = PBXBuildFile; fileRef = 620934D825622CFD00F2E54D /* RedditPicturesUseCase.swift */; };
		620934E125623ABE00F2E54D /* RedditChronoUseCase.swift in Sources */ = {isa = PBXBuildFile; fileRef = 620934E025623ABE00F2E54D /* RedditChronoUseCase.swift */; };
		620934E525623AC900F2E54D /* ChronoService.swift in Sources */ = {isa = PBXBuildFile; fileRef = 620934E425623AC900F2E54D /* ChronoService.swift */; };
		623597E82561F4820002BADB /* AnyCancallableProxy.swift in Sources */ = {isa = PBXBuildFile; fileRef = 623597E72561F4820002BADB /* AnyCancallableProxy.swift */; };
		6244AF8D2562C6170039E3DE /* FeedDetailsViewController.swift in Sources */ = {isa = PBXBuildFile; fileRef = 6244AF8C2562C6170039E3DE /* FeedDetailsViewController.swift */; };
		6244AF932562C6220039E3DE /* FeedDetailsViewModel.swift in Sources */ = {isa = PBXBuildFile; fileRef = 6244AF922562C6220039E3DE /* FeedDetailsViewModel.swift */; };
		624D2317255F369E00DB39A2 /* Extensions.h in Headers */ = {isa = PBXBuildFile; fileRef = 624D2307255F369E00DB39A2 /* Extensions.h */; settings = {ATTRIBUTES = (Public, ); }; };
		624D2326255F36C500DB39A2 /* Publisher+Bind.swift in Sources */ = {isa = PBXBuildFile; fileRef = 6210F3F3255DF60300A7B964 /* Publisher+Bind.swift */; };
		624D2327255F36C500DB39A2 /* UITableView+registerNibWithType.swift in Sources */ = {isa = PBXBuildFile; fileRef = 62D8DF31255C1D4700C58613 /* UITableView+registerNibWithType.swift */; };
		624D2328255F36C500DB39A2 /* UITableView+dequeueReusable.swift in Sources */ = {isa = PBXBuildFile; fileRef = 62D8DF23255C175D00C58613 /* UITableView+dequeueReusable.swift */; };
		624D2329255F36C500DB39A2 /* UICollectionView+registerNibWithType.swift in Sources */ = {isa = PBXBuildFile; fileRef = 62D8DF2B255C1C5700C58613 /* UICollectionView+registerNibWithType.swift */; };
		624D232A255F36C500DB39A2 /* UICollectionView+SupplementarySectionViewKind.swift in Sources */ = {isa = PBXBuildFile; fileRef = 62D8DF27255C1B9F00C58613 /* UICollectionView+SupplementarySectionViewKind.swift */; };
		624D232B255F36C500DB39A2 /* UICollectionView+dequeueReusable.swift in Sources */ = {isa = PBXBuildFile; fileRef = 62D8DF2E255C1C7B00C58613 /* UICollectionView+dequeueReusable.swift */; };
		624D232C255F36C500DB39A2 /* Dictionary+Merging.swift in Sources */ = {isa = PBXBuildFile; fileRef = 62FA7AF2255AF71800962487 /* Dictionary+Merging.swift */; };
		624D232D255F36C500DB39A2 /* CharacterSet+rfc3986.swift in Sources */ = {isa = PBXBuildFile; fileRef = 62FA7AD7255AF39900962487 /* CharacterSet+rfc3986.swift */; };
		624D232E255F36C500DB39A2 /* JSONDecoder+secondsSince1970.swift in Sources */ = {isa = PBXBuildFile; fileRef = 62FDF045255B0712005AA413 /* JSONDecoder+secondsSince1970.swift */; };
		624D232F255F36C500DB39A2 /* NSObject+assosiations.swift in Sources */ = {isa = PBXBuildFile; fileRef = 6210F3D0255DC55900A7B964 /* NSObject+assosiations.swift */; };
		627E6F4E255AE01E0022A654 /* Main.storyboard in Resources */ = {isa = PBXBuildFile; fileRef = 627E6F4C255AE01E0022A654 /* Main.storyboard */; };
		627E6F50255AE01F0022A654 /* Assets.xcassets in Resources */ = {isa = PBXBuildFile; fileRef = 627E6F4F255AE01F0022A654 /* Assets.xcassets */; };
		627E6F53255AE01F0022A654 /* LaunchScreen.storyboard in Resources */ = {isa = PBXBuildFile; fileRef = 627E6F51255AE01F0022A654 /* LaunchScreen.storyboard */; };
		62BA7B34255F4F85008CAECB /* Platform.h in Headers */ = {isa = PBXBuildFile; fileRef = 62BA7B32255F4F85008CAECB /* Platform.h */; settings = {ATTRIBUTES = (Public, ); }; };
		62BA7B37255F4F85008CAECB /* Platform.framework in Frameworks */ = {isa = PBXBuildFile; fileRef = 62BA7B30255F4F85008CAECB /* Platform.framework */; };
		62BA7B38255F4F85008CAECB /* Platform.framework in Embed Frameworks */ = {isa = PBXBuildFile; fileRef = 62BA7B30255F4F85008CAECB /* Platform.framework */; settings = {ATTRIBUTES = (CodeSignOnCopy, RemoveHeadersOnCopy, ); }; };
		62BA7B47255F4FD0008CAECB /* Domain.h in Headers */ = {isa = PBXBuildFile; fileRef = 62BA7B45255F4FD0008CAECB /* Domain.h */; settings = {ATTRIBUTES = (Public, ); }; };
		62BA7B4A255F4FD0008CAECB /* Domain.framework in Frameworks */ = {isa = PBXBuildFile; fileRef = 62BA7B43255F4FD0008CAECB /* Domain.framework */; };
		62BA7B4B255F4FD0008CAECB /* Domain.framework in Embed Frameworks */ = {isa = PBXBuildFile; fileRef = 62BA7B43255F4FD0008CAECB /* Domain.framework */; settings = {ATTRIBUTES = (CodeSignOnCopy, RemoveHeadersOnCopy, ); }; };
		62BA7B55255F4FFC008CAECB /* ViewModel.swift in Sources */ = {isa = PBXBuildFile; fileRef = 6210F3D5255DC62900A7B964 /* ViewModel.swift */; };
		62BA7B56255F4FFC008CAECB /* ViewModelContainer.swift in Sources */ = {isa = PBXBuildFile; fileRef = 6210F3D7255DC62900A7B964 /* ViewModelContainer.swift */; };
		62BA7B57255F4FFC008CAECB /* ReusableViewModelContainer.swift in Sources */ = {isa = PBXBuildFile; fileRef = 6210F3D6255DC62900A7B964 /* ReusableViewModelContainer.swift */; };
		62BA7B5B255F5021008CAECB /* API+Time.swift in Sources */ = {isa = PBXBuildFile; fileRef = 629CE6D1255ECD86003D5D5A /* API+Time.swift */; };
		62BA7B5C255F5021008CAECB /* API+Show.swift in Sources */ = {isa = PBXBuildFile; fileRef = 629CE6D4255ECDB4003D5D5A /* API+Show.swift */; };
		62BA7B5D255F5021008CAECB /* API+Listing.swift in Sources */ = {isa = PBXBuildFile; fileRef = 629CE6E7255F120D003D5D5A /* API+Listing.swift */; };
		62BA7B5E255F5021008CAECB /* API+Listing+Direction.swift in Sources */ = {isa = PBXBuildFile; fileRef = 629CE6F8255F19EF003D5D5A /* API+Listing+Direction.swift */; };
		62BA7B5F255F5021008CAECB /* API.swift in Sources */ = {isa = PBXBuildFile; fileRef = 629CE6CD255E8274003D5D5A /* API.swift */; };
		62BA7B63255F502A008CAECB /* ParameterEncoding.swift in Sources */ = {isa = PBXBuildFile; fileRef = 629CE6E0255F107F003D5D5A /* ParameterEncoding.swift */; };
		62BA7B64255F502A008CAECB /* URLParametersRepresentable.swift in Sources */ = {isa = PBXBuildFile; fileRef = 629CE6EC255F13D0003D5D5A /* URLParametersRepresentable.swift */; };
		62BA7B65255F502A008CAECB /* URLParameterRepresentable.swift in Sources */ = {isa = PBXBuildFile; fileRef = 629CE6F5255F16BD003D5D5A /* URLParameterRepresentable.swift */; };
		62BA7B66255F502A008CAECB /* HTTPSession.swift in Sources */ = {isa = PBXBuildFile; fileRef = 62FA7AE5255AF48700962487 /* HTTPSession.swift */; };
		62BA7B67255F502A008CAECB /* HTTPMethod.swift in Sources */ = {isa = PBXBuildFile; fileRef = 629CE6E3255F1196003D5D5A /* HTTPMethod.swift */; };
		62BA7B68255F502A008CAECB /* HTTPTask.swift in Sources */ = {isa = PBXBuildFile; fileRef = 629CE6F1255F146C003D5D5A /* HTTPTask.swift */; };
		62BA7B69255F502A008CAECB /* HTTPDescribable.swift in Sources */ = {isa = PBXBuildFile; fileRef = 62FA7AE8255AF4F200962487 /* HTTPDescribable.swift */; };
		62BA7B6A255F502B008CAECB /* Endpoint.swift in Sources */ = {isa = PBXBuildFile; fileRef = 6210F418255E5D1000A7B964 /* Endpoint.swift */; };
		62BA7B6E255F504C008CAECB /* UseCaseProvider.swift in Sources */ = {isa = PBXBuildFile; fileRef = 627E6F7B255AF1CD0022A654 /* UseCaseProvider.swift */; };
		62BA7B6F255F504C008CAECB /* RedditEndpointUseCase.swift in Sources */ = {isa = PBXBuildFile; fileRef = 6210F404255E4AC000A7B964 /* RedditEndpointUseCase.swift */; };
		62BA7B81255F52C7008CAECB /* AppDelegate.swift in Sources */ = {isa = PBXBuildFile; fileRef = 627E6F46255AE01E0022A654 /* AppDelegate.swift */; };
		62BA7B82255F52C7008CAECB /* SceneDelegate.swift in Sources */ = {isa = PBXBuildFile; fileRef = 627E6F48255AE01E0022A654 /* SceneDelegate.swift */; };
		62BA7B83255F52C7008CAECB /* ApplicationCoordinator.swift in Sources */ = {isa = PBXBuildFile; fileRef = 6210F3F9255E267100A7B964 /* ApplicationCoordinator.swift */; };
		62BA7B84255F52C7008CAECB /* Transition.swift in Sources */ = {isa = PBXBuildFile; fileRef = 62D8DEFA255C093D00C58613 /* Transition.swift */; };
		62BA7B85255F52C7008CAECB /* AppearingTransitioning.swift in Sources */ = {isa = PBXBuildFile; fileRef = 62D8DEFE255C09A500C58613 /* AppearingTransitioning.swift */; };
		62BA7B86255F52C7008CAECB /* DisappearingTransitioning.swift in Sources */ = {isa = PBXBuildFile; fileRef = 62D8DF01255C09CC00C58613 /* DisappearingTransitioning.swift */; };
		62BA7B87255F52C7008CAECB /* AnimatableCollectionViewCell.swift in Sources */ = {isa = PBXBuildFile; fileRef = 62D8DF09255C0AB800C58613 /* AnimatableCollectionViewCell.swift */; };
		62BA7B88255F52C7008CAECB /* FlatCollectionViewDataSource.swift in Sources */ = {isa = PBXBuildFile; fileRef = 6210F3F6255DF76000A7B964 /* FlatCollectionViewDataSource.swift */; };
		62BA7B89255F52C7008CAECB /* FeedViewModel.swift in Sources */ = {isa = PBXBuildFile; fileRef = 6210F3DC255DC71B00A7B964 /* FeedViewModel.swift */; };
		62BA7B8A255F52C7008CAECB /* FeedCollectionViewCell.swift in Sources */ = {isa = PBXBuildFile; fileRef = 62C0CCD6255D88B5003D1A84 /* FeedCollectionViewCell.swift */; };
		62BA7B8C255F52C7008CAECB /* FeedViewController.swift in Sources */ = {isa = PBXBuildFile; fileRef = 627E6F4A255AE01E0022A654 /* FeedViewController.swift */; };
		62BA7B8D255F52C7008CAECB /* FeedCollectionViewFlowLayout.swift in Sources */ = {isa = PBXBuildFile; fileRef = 6210F3B0255D8D1300A7B964 /* FeedCollectionViewFlowLayout.swift */; };
		62BA7BB8255F550D008CAECB /* Extensions.h in Sources */ = {isa = PBXBuildFile; fileRef = 624D2307255F369E00DB39A2 /* Extensions.h */; };
		62BA7BB9255F550D008CAECB /* Domain.h in Sources */ = {isa = PBXBuildFile; fileRef = 62BA7B45255F4FD0008CAECB /* Domain.h */; };
		62BA7BBA255F550D008CAECB /* Platform.h in Sources */ = {isa = PBXBuildFile; fileRef = 62BA7B32255F4F85008CAECB /* Platform.h */; };
		62BA7BBE255F551B008CAECB /* Extensions.h in Sources */ = {isa = PBXBuildFile; fileRef = 624D2307255F369E00DB39A2 /* Extensions.h */; };
		62BA7BBF255F551B008CAECB /* Domain.h in Sources */ = {isa = PBXBuildFile; fileRef = 62BA7B45255F4FD0008CAECB /* Domain.h */; };
		62BA7BC0255F551B008CAECB /* Platform.h in Sources */ = {isa = PBXBuildFile; fileRef = 62BA7B32255F4F85008CAECB /* Platform.h */; };
		62BA7BC5255F5527008CAECB /* Domain.h in Sources */ = {isa = PBXBuildFile; fileRef = 62BA7B45255F4FD0008CAECB /* Domain.h */; };
		62BA7BC6255F5527008CAECB /* Platform.h in Sources */ = {isa = PBXBuildFile; fileRef = 62BA7B32255F4F85008CAECB /* Platform.h */; };
		62BA7BD1255F561B008CAECB /* Environmental.swift in Sources */ = {isa = PBXBuildFile; fileRef = 627E6F6F255AEF0B0022A654 /* Environmental.swift */; };
		62BA7BDE255F567E008CAECB /* Extensions.framework in Frameworks */ = {isa = PBXBuildFile; fileRef = 624D2305255F369E00DB39A2 /* Extensions.framework */; };
		62BA7BE2255F56B5008CAECB /* Extensions.framework in Embed Frameworks */ = {isa = PBXBuildFile; fileRef = 624D2305255F369E00DB39A2 /* Extensions.framework */; settings = {ATTRIBUTES = (CodeSignOnCopy, RemoveHeadersOnCopy, ); }; };
		62BA7BE7255F590D008CAECB /* FeedCollectionCellViewModel.swift in Sources */ = {isa = PBXBuildFile; fileRef = 62BA7BE6255F590D008CAECB /* FeedCollectionCellViewModel.swift */; };
		62C0CCD9255D88B5003D1A84 /* FeedCollectionViewCell.xib in Resources */ = {isa = PBXBuildFile; fileRef = 62C0CCD7255D88B5003D1A84 /* FeedCollectionViewCell.xib */; };
		62C237AB2561CEDA00D1FA14 /* Platform.swift in Sources */ = {isa = PBXBuildFile; fileRef = 62C237AA2561CEDA00D1FA14 /* Platform.swift */; };
		62C237C72561D16F00D1FA14 /* RedditEndpoint.swift in Sources */ = {isa = PBXBuildFile; fileRef = 62C237C62561D16F00D1FA14 /* RedditEndpoint.swift */; };
		62C237D82561D2CA00D1FA14 /* Extensions.framework in Frameworks */ = {isa = PBXBuildFile; fileRef = 624D2305255F369E00DB39A2 /* Extensions.framework */; };
		62C237D92561D2CA00D1FA14 /* Extensions.framework in Embed Frameworks */ = {isa = PBXBuildFile; fileRef = 624D2305255F369E00DB39A2 /* Extensions.framework */; settings = {ATTRIBUTES = (CodeSignOnCopy, RemoveHeadersOnCopy, ); }; };
		62C237EC2561ED0C00D1FA14 /* Response.swift in Sources */ = {isa = PBXBuildFile; fileRef = 62C237EB2561ED0C00D1FA14 /* Response.swift */; };
		62C237F22561ED7000D1FA14 /* Meta.swift in Sources */ = {isa = PBXBuildFile; fileRef = 62C237F12561ED7000D1FA14 /* Meta.swift */; };
		62C237F62561EDC000D1FA14 /* Child.swift in Sources */ = {isa = PBXBuildFile; fileRef = 62C237F52561EDC000D1FA14 /* Child.swift */; };
		62C38E4A2562EFF50068A675 /* TransitioningController.swift in Sources */ = {isa = PBXBuildFile; fileRef = 62C38E492562EFF50068A675 /* TransitioningController.swift */; };
/* End PBXBuildFile section */

/* Begin PBXContainerItemProxy section */
		624D2318255F369E00DB39A2 /* PBXContainerItemProxy */ = {
			isa = PBXContainerItemProxy;
			containerPortal = 627E6F3B255AE01E0022A654 /* Project object */;
			proxyType = 1;
			remoteGlobalIDString = 624D2304255F369E00DB39A2;
			remoteInfo = Extensions;
		};
		62BA7B35255F4F85008CAECB /* PBXContainerItemProxy */ = {
			isa = PBXContainerItemProxy;
			containerPortal = 627E6F3B255AE01E0022A654 /* Project object */;
			proxyType = 1;
			remoteGlobalIDString = 62BA7B2F255F4F85008CAECB;
			remoteInfo = Platform;
		};
		62BA7B48255F4FD0008CAECB /* PBXContainerItemProxy */ = {
			isa = PBXContainerItemProxy;
			containerPortal = 627E6F3B255AE01E0022A654 /* Project object */;
			proxyType = 1;
			remoteGlobalIDString = 62BA7B42255F4FD0008CAECB;
			remoteInfo = Domain;
		};
		62C237DA2561D2CA00D1FA14 /* PBXContainerItemProxy */ = {
			isa = PBXContainerItemProxy;
			containerPortal = 627E6F3B255AE01E0022A654 /* Project object */;
			proxyType = 1;
			remoteGlobalIDString = 624D2304255F369E00DB39A2;
			remoteInfo = Extensions;
		};
/* End PBXContainerItemProxy section */

/* Begin PBXCopyFilesBuildPhase section */
		624D231C255F369E00DB39A2 /* Embed Frameworks */ = {
			isa = PBXCopyFilesBuildPhase;
			buildActionMask = 2147483647;
			dstPath = "";
			dstSubfolderSpec = 10;
			files = (
				62BA7BE2255F56B5008CAECB /* Extensions.framework in Embed Frameworks */,
				62BA7B4B255F4FD0008CAECB /* Domain.framework in Embed Frameworks */,
				62BA7B38255F4F85008CAECB /* Platform.framework in Embed Frameworks */,
			);
			name = "Embed Frameworks";
			runOnlyForDeploymentPostprocessing = 0;
		};
		62C237DC2561D2CA00D1FA14 /* Embed Frameworks */ = {
			isa = PBXCopyFilesBuildPhase;
			buildActionMask = 2147483647;
			dstPath = "";
			dstSubfolderSpec = 10;
			files = (
				62C237D92561D2CA00D1FA14 /* Extensions.framework in Embed Frameworks */,
			);
			name = "Embed Frameworks";
			runOnlyForDeploymentPostprocessing = 0;
		};
/* End PBXCopyFilesBuildPhase section */

/* Begin PBXFileReference section */
		620934CC256229C000F2E54D /* URLSession+DownloadTask.swift */ = {isa = PBXFileReference; lastKnownFileType = sourcecode.swift; path = "URLSession+DownloadTask.swift"; sourceTree = "<group>"; };
		620934D425622CA800F2E54D /* RedditPicturesService.swift */ = {isa = PBXFileReference; lastKnownFileType = sourcecode.swift; path = RedditPicturesService.swift; sourceTree = "<group>"; };
		620934D825622CFD00F2E54D /* RedditPicturesUseCase.swift */ = {isa = PBXFileReference; lastKnownFileType = sourcecode.swift; path = RedditPicturesUseCase.swift; sourceTree = "<group>"; };
		620934E025623ABE00F2E54D /* RedditChronoUseCase.swift */ = {isa = PBXFileReference; lastKnownFileType = sourcecode.swift; path = RedditChronoUseCase.swift; sourceTree = "<group>"; };
		620934E425623AC900F2E54D /* ChronoService.swift */ = {isa = PBXFileReference; lastKnownFileType = sourcecode.swift; path = ChronoService.swift; sourceTree = "<group>"; };
		6210F3B0255D8D1300A7B964 /* FeedCollectionViewFlowLayout.swift */ = {isa = PBXFileReference; lastKnownFileType = sourcecode.swift; path = FeedCollectionViewFlowLayout.swift; sourceTree = "<group>"; };
		6210F3D0255DC55900A7B964 /* NSObject+assosiations.swift */ = {isa = PBXFileReference; lastKnownFileType = sourcecode.swift; path = "NSObject+assosiations.swift"; sourceTree = "<group>"; };
		6210F3D5255DC62900A7B964 /* ViewModel.swift */ = {isa = PBXFileReference; fileEncoding = 4; lastKnownFileType = sourcecode.swift; path = ViewModel.swift; sourceTree = "<group>"; };
		6210F3D6255DC62900A7B964 /* ReusableViewModelContainer.swift */ = {isa = PBXFileReference; fileEncoding = 4; lastKnownFileType = sourcecode.swift; path = ReusableViewModelContainer.swift; sourceTree = "<group>"; };
		6210F3D7255DC62900A7B964 /* ViewModelContainer.swift */ = {isa = PBXFileReference; fileEncoding = 4; lastKnownFileType = sourcecode.swift; path = ViewModelContainer.swift; sourceTree = "<group>"; };
		6210F3DC255DC71B00A7B964 /* FeedViewModel.swift */ = {isa = PBXFileReference; lastKnownFileType = sourcecode.swift; path = FeedViewModel.swift; sourceTree = "<group>"; };
		6210F3F3255DF60300A7B964 /* Publisher+Bind.swift */ = {isa = PBXFileReference; lastKnownFileType = sourcecode.swift; path = "Publisher+Bind.swift"; sourceTree = "<group>"; };
		6210F3F6255DF76000A7B964 /* FlatCollectionViewDataSource.swift */ = {isa = PBXFileReference; lastKnownFileType = sourcecode.swift; path = FlatCollectionViewDataSource.swift; sourceTree = "<group>"; };
		6210F3F9255E267100A7B964 /* ApplicationCoordinator.swift */ = {isa = PBXFileReference; lastKnownFileType = sourcecode.swift; path = ApplicationCoordinator.swift; sourceTree = "<group>"; };
		6210F404255E4AC000A7B964 /* RedditEndpointUseCase.swift */ = {isa = PBXFileReference; lastKnownFileType = sourcecode.swift; path = RedditEndpointUseCase.swift; sourceTree = "<group>"; };
		6210F418255E5D1000A7B964 /* Endpoint.swift */ = {isa = PBXFileReference; lastKnownFileType = sourcecode.swift; path = Endpoint.swift; sourceTree = "<group>"; };
		623597E72561F4820002BADB /* AnyCancallableProxy.swift */ = {isa = PBXFileReference; lastKnownFileType = sourcecode.swift; path = AnyCancallableProxy.swift; sourceTree = "<group>"; };
		6244AF8C2562C6170039E3DE /* FeedDetailsViewController.swift */ = {isa = PBXFileReference; lastKnownFileType = sourcecode.swift; path = FeedDetailsViewController.swift; sourceTree = "<group>"; };
		6244AF922562C6220039E3DE /* FeedDetailsViewModel.swift */ = {isa = PBXFileReference; lastKnownFileType = sourcecode.swift; path = FeedDetailsViewModel.swift; sourceTree = "<group>"; };
		624D2305255F369E00DB39A2 /* Extensions.framework */ = {isa = PBXFileReference; explicitFileType = wrapper.framework; includeInIndex = 0; path = Extensions.framework; sourceTree = BUILT_PRODUCTS_DIR; };
		624D2307255F369E00DB39A2 /* Extensions.h */ = {isa = PBXFileReference; lastKnownFileType = sourcecode.c.h; path = Extensions.h; sourceTree = "<group>"; };
		624D2308255F369E00DB39A2 /* Info.plist */ = {isa = PBXFileReference; lastKnownFileType = text.plist.xml; path = Info.plist; sourceTree = "<group>"; };
		627E6F43255AE01E0022A654 /* Reddit.app */ = {isa = PBXFileReference; explicitFileType = wrapper.application; includeInIndex = 0; path = Reddit.app; sourceTree = BUILT_PRODUCTS_DIR; };
		627E6F46255AE01E0022A654 /* AppDelegate.swift */ = {isa = PBXFileReference; lastKnownFileType = sourcecode.swift; path = AppDelegate.swift; sourceTree = "<group>"; };
		627E6F48255AE01E0022A654 /* SceneDelegate.swift */ = {isa = PBXFileReference; lastKnownFileType = sourcecode.swift; path = SceneDelegate.swift; sourceTree = "<group>"; };
		627E6F4A255AE01E0022A654 /* FeedViewController.swift */ = {isa = PBXFileReference; lastKnownFileType = sourcecode.swift; path = FeedViewController.swift; sourceTree = "<group>"; };
		627E6F4D255AE01E0022A654 /* Base */ = {isa = PBXFileReference; lastKnownFileType = file.storyboard; name = Base; path = Base.lproj/Main.storyboard; sourceTree = "<group>"; };
		627E6F4F255AE01F0022A654 /* Assets.xcassets */ = {isa = PBXFileReference; lastKnownFileType = folder.assetcatalog; path = Assets.xcassets; sourceTree = "<group>"; };
		627E6F52255AE01F0022A654 /* Base */ = {isa = PBXFileReference; lastKnownFileType = file.storyboard; name = Base; path = Base.lproj/LaunchScreen.storyboard; sourceTree = "<group>"; };
		627E6F54255AE01F0022A654 /* Info.plist */ = {isa = PBXFileReference; lastKnownFileType = text.plist.xml; path = Info.plist; sourceTree = "<group>"; };
		627E6F6F255AEF0B0022A654 /* Environmental.swift */ = {isa = PBXFileReference; lastKnownFileType = sourcecode.swift; path = Environmental.swift; sourceTree = "<group>"; };
		627E6F7B255AF1CD0022A654 /* UseCaseProvider.swift */ = {isa = PBXFileReference; lastKnownFileType = sourcecode.swift; path = UseCaseProvider.swift; sourceTree = "<group>"; };
		629CE6CD255E8274003D5D5A /* API.swift */ = {isa = PBXFileReference; lastKnownFileType = sourcecode.swift; path = API.swift; sourceTree = "<group>"; };
		629CE6D1255ECD86003D5D5A /* API+Time.swift */ = {isa = PBXFileReference; lastKnownFileType = sourcecode.swift; path = "API+Time.swift"; sourceTree = "<group>"; };
		629CE6D4255ECDB4003D5D5A /* API+Show.swift */ = {isa = PBXFileReference; lastKnownFileType = sourcecode.swift; path = "API+Show.swift"; sourceTree = "<group>"; };
		629CE6E0255F107F003D5D5A /* ParameterEncoding.swift */ = {isa = PBXFileReference; fileEncoding = 4; lastKnownFileType = sourcecode.swift; path = ParameterEncoding.swift; sourceTree = "<group>"; };
		629CE6E3255F1196003D5D5A /* HTTPMethod.swift */ = {isa = PBXFileReference; fileEncoding = 4; lastKnownFileType = sourcecode.swift; path = HTTPMethod.swift; sourceTree = "<group>"; };
		629CE6E7255F120D003D5D5A /* API+Listing.swift */ = {isa = PBXFileReference; lastKnownFileType = sourcecode.swift; path = "API+Listing.swift"; sourceTree = "<group>"; };
		629CE6EC255F13D0003D5D5A /* URLParametersRepresentable.swift */ = {isa = PBXFileReference; lastKnownFileType = sourcecode.swift; path = URLParametersRepresentable.swift; sourceTree = "<group>"; };
		629CE6F1255F146C003D5D5A /* HTTPTask.swift */ = {isa = PBXFileReference; lastKnownFileType = sourcecode.swift; path = HTTPTask.swift; sourceTree = "<group>"; };
		629CE6F5255F16BD003D5D5A /* URLParameterRepresentable.swift */ = {isa = PBXFileReference; lastKnownFileType = sourcecode.swift; path = URLParameterRepresentable.swift; sourceTree = "<group>"; };
		629CE6F8255F19EF003D5D5A /* API+Listing+Direction.swift */ = {isa = PBXFileReference; lastKnownFileType = sourcecode.swift; path = "API+Listing+Direction.swift"; sourceTree = "<group>"; };
		62BA7B30255F4F85008CAECB /* Platform.framework */ = {isa = PBXFileReference; explicitFileType = wrapper.framework; includeInIndex = 0; path = Platform.framework; sourceTree = BUILT_PRODUCTS_DIR; };
		62BA7B32255F4F85008CAECB /* Platform.h */ = {isa = PBXFileReference; lastKnownFileType = sourcecode.c.h; path = Platform.h; sourceTree = "<group>"; };
		62BA7B33255F4F85008CAECB /* Info.plist */ = {isa = PBXFileReference; lastKnownFileType = text.plist.xml; path = Info.plist; sourceTree = "<group>"; };
		62BA7B43255F4FD0008CAECB /* Domain.framework */ = {isa = PBXFileReference; explicitFileType = wrapper.framework; includeInIndex = 0; path = Domain.framework; sourceTree = BUILT_PRODUCTS_DIR; };
		62BA7B45255F4FD0008CAECB /* Domain.h */ = {isa = PBXFileReference; lastKnownFileType = sourcecode.c.h; path = Domain.h; sourceTree = "<group>"; };
		62BA7B46255F4FD0008CAECB /* Info.plist */ = {isa = PBXFileReference; lastKnownFileType = text.plist.xml; path = Info.plist; sourceTree = "<group>"; };
		62BA7BE6255F590D008CAECB /* FeedCollectionCellViewModel.swift */ = {isa = PBXFileReference; lastKnownFileType = sourcecode.swift; path = FeedCollectionCellViewModel.swift; sourceTree = "<group>"; };
		62C0CCD6255D88B5003D1A84 /* FeedCollectionViewCell.swift */ = {isa = PBXFileReference; fileEncoding = 4; lastKnownFileType = sourcecode.swift; path = FeedCollectionViewCell.swift; sourceTree = "<group>"; };
		62C0CCD7255D88B5003D1A84 /* FeedCollectionViewCell.xib */ = {isa = PBXFileReference; fileEncoding = 4; lastKnownFileType = file.xib; path = FeedCollectionViewCell.xib; sourceTree = "<group>"; };
		62C237AA2561CEDA00D1FA14 /* Platform.swift */ = {isa = PBXFileReference; lastKnownFileType = sourcecode.swift; path = Platform.swift; sourceTree = "<group>"; };
		62C237C62561D16F00D1FA14 /* RedditEndpoint.swift */ = {isa = PBXFileReference; lastKnownFileType = sourcecode.swift; path = RedditEndpoint.swift; sourceTree = "<group>"; };
		62C237EB2561ED0C00D1FA14 /* Response.swift */ = {isa = PBXFileReference; lastKnownFileType = sourcecode.swift; path = Response.swift; sourceTree = "<group>"; };
		62C237F12561ED7000D1FA14 /* Meta.swift */ = {isa = PBXFileReference; lastKnownFileType = sourcecode.swift; path = Meta.swift; sourceTree = "<group>"; };
		62C237F52561EDC000D1FA14 /* Child.swift */ = {isa = PBXFileReference; lastKnownFileType = sourcecode.swift; path = Child.swift; sourceTree = "<group>"; };
		62C38E492562EFF50068A675 /* TransitioningController.swift */ = {isa = PBXFileReference; lastKnownFileType = sourcecode.swift; path = TransitioningController.swift; sourceTree = "<group>"; };
		62D8DEFA255C093D00C58613 /* Transition.swift */ = {isa = PBXFileReference; lastKnownFileType = sourcecode.swift; path = Transition.swift; sourceTree = "<group>"; };
		62D8DEFE255C09A500C58613 /* AppearingTransitioning.swift */ = {isa = PBXFileReference; lastKnownFileType = sourcecode.swift; path = AppearingTransitioning.swift; sourceTree = "<group>"; };
		62D8DF01255C09CC00C58613 /* DisappearingTransitioning.swift */ = {isa = PBXFileReference; lastKnownFileType = sourcecode.swift; path = DisappearingTransitioning.swift; sourceTree = "<group>"; };
		62D8DF09255C0AB800C58613 /* AnimatableCollectionViewCell.swift */ = {isa = PBXFileReference; lastKnownFileType = sourcecode.swift; path = AnimatableCollectionViewCell.swift; sourceTree = "<group>"; };
		62D8DF23255C175D00C58613 /* UITableView+dequeueReusable.swift */ = {isa = PBXFileReference; lastKnownFileType = sourcecode.swift; path = "UITableView+dequeueReusable.swift"; sourceTree = "<group>"; };
		62D8DF27255C1B9F00C58613 /* UICollectionView+SupplementarySectionViewKind.swift */ = {isa = PBXFileReference; lastKnownFileType = sourcecode.swift; path = "UICollectionView+SupplementarySectionViewKind.swift"; sourceTree = "<group>"; };
		62D8DF2B255C1C5700C58613 /* UICollectionView+registerNibWithType.swift */ = {isa = PBXFileReference; lastKnownFileType = sourcecode.swift; path = "UICollectionView+registerNibWithType.swift"; sourceTree = "<group>"; };
		62D8DF2E255C1C7B00C58613 /* UICollectionView+dequeueReusable.swift */ = {isa = PBXFileReference; lastKnownFileType = sourcecode.swift; path = "UICollectionView+dequeueReusable.swift"; sourceTree = "<group>"; };
		62D8DF31255C1D4700C58613 /* UITableView+registerNibWithType.swift */ = {isa = PBXFileReference; lastKnownFileType = sourcecode.swift; path = "UITableView+registerNibWithType.swift"; sourceTree = "<group>"; };
		62FA7AD7255AF39900962487 /* CharacterSet+rfc3986.swift */ = {isa = PBXFileReference; fileEncoding = 4; lastKnownFileType = sourcecode.swift; path = "CharacterSet+rfc3986.swift"; sourceTree = "<group>"; };
		62FA7AE5255AF48700962487 /* HTTPSession.swift */ = {isa = PBXFileReference; lastKnownFileType = sourcecode.swift; path = HTTPSession.swift; sourceTree = "<group>"; };
		62FA7AE8255AF4F200962487 /* HTTPDescribable.swift */ = {isa = PBXFileReference; lastKnownFileType = sourcecode.swift; path = HTTPDescribable.swift; sourceTree = "<group>"; };
		62FA7AF2255AF71800962487 /* Dictionary+Merging.swift */ = {isa = PBXFileReference; lastKnownFileType = sourcecode.swift; path = "Dictionary+Merging.swift"; sourceTree = "<group>"; };
		62FDF045255B0712005AA413 /* JSONDecoder+secondsSince1970.swift */ = {isa = PBXFileReference; lastKnownFileType = sourcecode.swift; path = "JSONDecoder+secondsSince1970.swift"; sourceTree = "<group>"; };
/* End PBXFileReference section */

/* Begin PBXFrameworksBuildPhase section */
		624D2302255F369E00DB39A2 /* Frameworks */ = {
			isa = PBXFrameworksBuildPhase;
			buildActionMask = 2147483647;
			files = (
			);
			runOnlyForDeploymentPostprocessing = 0;
		};
		627E6F40255AE01E0022A654 /* Frameworks */ = {
			isa = PBXFrameworksBuildPhase;
			buildActionMask = 2147483647;
			files = (
				62BA7B4A255F4FD0008CAECB /* Domain.framework in Frameworks */,
				62BA7B37255F4F85008CAECB /* Platform.framework in Frameworks */,
				62BA7BDE255F567E008CAECB /* Extensions.framework in Frameworks */,
			);
			runOnlyForDeploymentPostprocessing = 0;
		};
		62BA7B2D255F4F85008CAECB /* Frameworks */ = {
			isa = PBXFrameworksBuildPhase;
			buildActionMask = 2147483647;
			files = (
				62C237D82561D2CA00D1FA14 /* Extensions.framework in Frameworks */,
			);
			runOnlyForDeploymentPostprocessing = 0;
		};
		62BA7B40255F4FD0008CAECB /* Frameworks */ = {
			isa = PBXFrameworksBuildPhase;
			buildActionMask = 2147483647;
			files = (
			);
			runOnlyForDeploymentPostprocessing = 0;
		};
/* End PBXFrameworksBuildPhase section */

/* Begin PBXGroup section */
		620934CB256229B100F2E54D /* URLSession */ = {
			isa = PBXGroup;
			children = (
				620934CC256229C000F2E54D /* URLSession+DownloadTask.swift */,
			);
			path = URLSession;
			sourceTree = "<group>";
		};
		6210F3D3255DC5F100A7B964 /* Protocols */ = {
			isa = PBXGroup;
			children = (
				6210F3D4255DC61900A7B964 /* ViewModel */,
			);
			path = Protocols;
			sourceTree = "<group>";
		};
		6210F3D4255DC61900A7B964 /* ViewModel */ = {
			isa = PBXGroup;
			children = (
				623597E72561F4820002BADB /* AnyCancallableProxy.swift */,
				6210F3D5255DC62900A7B964 /* ViewModel.swift */,
				6210F3D7255DC62900A7B964 /* ViewModelContainer.swift */,
				6210F3D6255DC62900A7B964 /* ReusableViewModelContainer.swift */,
			);
			path = ViewModel;
			sourceTree = "<group>";
		};
		6210F3F1255DF56B00A7B964 /* Combine */ = {
			isa = PBXGroup;
			children = (
				620934CB256229B100F2E54D /* URLSession */,
				6210F3F3255DF60300A7B964 /* Publisher+Bind.swift */,
			);
			path = Combine;
			sourceTree = "<group>";
		};
		623597ED256202360002BADB /* FeedCollectionViewCell */ = {
			isa = PBXGroup;
			children = (
				62BA7BE6255F590D008CAECB /* FeedCollectionCellViewModel.swift */,
				62C0CCD6255D88B5003D1A84 /* FeedCollectionViewCell.swift */,
				62C0CCD7255D88B5003D1A84 /* FeedCollectionViewCell.xib */,
			);
			path = FeedCollectionViewCell;
			sourceTree = "<group>";
		};
		6244AF8A2562C5D80039E3DE /* FeedCollectionViewController */ = {
			isa = PBXGroup;
			children = (
				627E6F4A255AE01E0022A654 /* FeedViewController.swift */,
				6210F3DC255DC71B00A7B964 /* FeedViewModel.swift */,
			);
			path = FeedCollectionViewController;
			sourceTree = "<group>";
		};
		6244AF8B2562C5E80039E3DE /* FeedDetailsViewController */ = {
			isa = PBXGroup;
			children = (
				6244AF8C2562C6170039E3DE /* FeedDetailsViewController.swift */,
				6244AF922562C6220039E3DE /* FeedDetailsViewModel.swift */,
			);
			path = FeedDetailsViewController;
			sourceTree = "<group>";
		};
		627E6F3A255AE01E0022A654 = {
			isa = PBXGroup;
			children = (
				627E6F79255AF19E0022A654 /* Extensions */,
				627E6F78255AF18D0022A654 /* Domain */,
				627E6F77255AF1750022A654 /* Platform */,
				627E6F45255AE01E0022A654 /* Reddit */,
				627E6F44255AE01E0022A654 /* Products */,
				62C237D72561D2CA00D1FA14 /* Frameworks */,
			);
			sourceTree = "<group>";
		};
		627E6F44255AE01E0022A654 /* Products */ = {
			isa = PBXGroup;
			children = (
				627E6F43255AE01E0022A654 /* Reddit.app */,
				624D2305255F369E00DB39A2 /* Extensions.framework */,
				62BA7B30255F4F85008CAECB /* Platform.framework */,
				62BA7B43255F4FD0008CAECB /* Domain.framework */,
			);
			name = Products;
			sourceTree = "<group>";
		};
		627E6F45255AE01E0022A654 /* Reddit */ = {
			isa = PBXGroup;
			children = (
				627E6F7E255AF2470022A654 /* Sources */,
				627E6F72255AF0920022A654 /* Resources */,
				627E6F6E255AEED40022A654 /* Configuration */,
				627E6F4F255AE01F0022A654 /* Assets.xcassets */,
			);
			path = Reddit;
			sourceTree = "<group>";
		};
		627E6F6E255AEED40022A654 /* Configuration */ = {
			isa = PBXGroup;
			children = (
				627E6F54255AE01F0022A654 /* Info.plist */,
			);
			path = Configuration;
			sourceTree = "<group>";
		};
		627E6F72255AF0920022A654 /* Resources */ = {
			isa = PBXGroup;
			children = (
				627E6F73255AF09F0022A654 /* Storyboards */,
			);
			path = Resources;
			sourceTree = "<group>";
		};
		627E6F73255AF09F0022A654 /* Storyboards */ = {
			isa = PBXGroup;
			children = (
				627E6F4C255AE01E0022A654 /* Main.storyboard */,
				627E6F51255AE01F0022A654 /* LaunchScreen.storyboard */,
			);
			path = Storyboards;
			sourceTree = "<group>";
		};
		627E6F77255AF1750022A654 /* Platform */ = {
			isa = PBXGroup;
			children = (
				62C237AA2561CEDA00D1FA14 /* Platform.swift */,
				62BA7B32255F4F85008CAECB /* Platform.h */,
				62BA7B33255F4F85008CAECB /* Info.plist */,
				62C237C52561D16400D1FA14 /* Services */,
				62C237BE2561D08E00D1FA14 /* Environment */,
				6210F3D3255DC5F100A7B964 /* Protocols */,
				62D8DEF7255C023300C58613 /* API */,
				62FA7AD4255AF32600962487 /* HTTP */,
			);
			path = Platform;
			sourceTree = "<group>";
		};
		627E6F78255AF18D0022A654 /* Domain */ = {
			isa = PBXGroup;
			children = (
				62BA7B45255F4FD0008CAECB /* Domain.h */,
				62BA7B46255F4FD0008CAECB /* Info.plist */,
				627E6F7A255AF1B70022A654 /* UseCases */,
				62C237EA2561EC8800D1FA14 /* Models */,
			);
			path = Domain;
			sourceTree = "<group>";
		};
		627E6F79255AF19E0022A654 /* Extensions */ = {
			isa = PBXGroup;
			children = (
				624D2307255F369E00DB39A2 /* Extensions.h */,
				624D2308255F369E00DB39A2 /* Info.plist */,
				6210F3F1255DF56B00A7B964 /* Combine */,
				62D8DF1F255C166A00C58613 /* UIKit */,
				62FA7AF1255AF70000962487 /* Foundation */,
			);
			path = Extensions;
			sourceTree = "<group>";
		};
		627E6F7A255AF1B70022A654 /* UseCases */ = {
			isa = PBXGroup;
			children = (
				627E6F7B255AF1CD0022A654 /* UseCaseProvider.swift */,
				6210F404255E4AC000A7B964 /* RedditEndpointUseCase.swift */,
				620934D825622CFD00F2E54D /* RedditPicturesUseCase.swift */,
				620934E025623ABE00F2E54D /* RedditChronoUseCase.swift */,
			);
			path = UseCases;
			sourceTree = "<group>";
		};
		627E6F7E255AF2470022A654 /* Sources */ = {
			isa = PBXGroup;
			children = (
				62D8DF10255C0BE700C58613 /* Application */,
				62D8DF0C255C0B5000C58613 /* General */,
				62D8DF0E255C0B9A00C58613 /* Modules */,
			);
			path = Sources;
			sourceTree = "<group>";
		};
		629CE6D0255ECD76003D5D5A /* Parameters */ = {
			isa = PBXGroup;
			children = (
				629CE6D1255ECD86003D5D5A /* API+Time.swift */,
				629CE6D4255ECDB4003D5D5A /* API+Show.swift */,
				629CE6E7255F120D003D5D5A /* API+Listing.swift */,
				629CE6F8255F19EF003D5D5A /* API+Listing+Direction.swift */,
			);
			path = Parameters;
			sourceTree = "<group>";
		};
		629CE6DB255F1004003D5D5A /* Encoding */ = {
			isa = PBXGroup;
			children = (
				629CE6E0255F107F003D5D5A /* ParameterEncoding.swift */,
				629CE6EC255F13D0003D5D5A /* URLParametersRepresentable.swift */,
				629CE6F5255F16BD003D5D5A /* URLParameterRepresentable.swift */,
			);
			path = Encoding;
			sourceTree = "<group>";
		};
		62C237BE2561D08E00D1FA14 /* Environment */ = {
			isa = PBXGroup;
			children = (
				627E6F6F255AEF0B0022A654 /* Environmental.swift */,
			);
			path = Environment;
			sourceTree = "<group>";
		};
		62C237C52561D16400D1FA14 /* Services */ = {
			isa = PBXGroup;
			children = (
				62C237C62561D16F00D1FA14 /* RedditEndpoint.swift */,
				620934D425622CA800F2E54D /* RedditPicturesService.swift */,
				620934E425623AC900F2E54D /* ChronoService.swift */,
			);
			path = Services;
			sourceTree = "<group>";
		};
		62C237D72561D2CA00D1FA14 /* Frameworks */ = {
			isa = PBXGroup;
			children = (
			);
			name = Frameworks;
			sourceTree = "<group>";
		};
		62C237EA2561EC8800D1FA14 /* Models */ = {
			isa = PBXGroup;
			children = (
				62C237EB2561ED0C00D1FA14 /* Response.swift */,
				62C237F12561ED7000D1FA14 /* Meta.swift */,
				62C237F52561EDC000D1FA14 /* Child.swift */,
			);
			path = Models;
			sourceTree = "<group>";
		};
		62D8DEF7255C023300C58613 /* API */ = {
			isa = PBXGroup;
			children = (
				629CE6D0255ECD76003D5D5A /* Parameters */,
				629CE6CD255E8274003D5D5A /* API.swift */,
			);
			path = API;
			sourceTree = "<group>";
		};
		62D8DF05255C0A0B00C58613 /* Transitioning */ = {
			isa = PBXGroup;
			children = (
				62D8DEFA255C093D00C58613 /* Transition.swift */,
				62D8DEFE255C09A500C58613 /* AppearingTransitioning.swift */,
				62D8DF01255C09CC00C58613 /* DisappearingTransitioning.swift */,
				62C38E492562EFF50068A675 /* TransitioningController.swift */,
			);
			path = Transitioning;
			sourceTree = "<group>";
		};
		62D8DF0C255C0B5000C58613 /* General */ = {
			isa = PBXGroup;
			children = (
				62D8DF05255C0A0B00C58613 /* Transitioning */,
				62D8DF0D255C0B5F00C58613 /* CollectionViewCells */,
				6210F3F6255DF76000A7B964 /* FlatCollectionViewDataSource.swift */,
			);
			path = General;
			sourceTree = "<group>";
		};
		62D8DF0D255C0B5F00C58613 /* CollectionViewCells */ = {
			isa = PBXGroup;
			children = (
				62D8DF09255C0AB800C58613 /* AnimatableCollectionViewCell.swift */,
			);
			path = CollectionViewCells;
			sourceTree = "<group>";
		};
		62D8DF0E255C0B9A00C58613 /* Modules */ = {
			isa = PBXGroup;
			children = (
				62D8DF0F255C0BC200C58613 /* Feed */,
			);
			path = Modules;
			sourceTree = "<group>";
		};
		62D8DF0F255C0BC200C58613 /* Feed */ = {
			isa = PBXGroup;
			children = (
				6244AF8B2562C5E80039E3DE /* FeedDetailsViewController */,
				6244AF8A2562C5D80039E3DE /* FeedCollectionViewController */,
				623597ED256202360002BADB /* FeedCollectionViewCell */,
				6210F3B0255D8D1300A7B964 /* FeedCollectionViewFlowLayout.swift */,
			);
			path = Feed;
			sourceTree = "<group>";
		};
		62D8DF10255C0BE700C58613 /* Application */ = {
			isa = PBXGroup;
			children = (
				627E6F46255AE01E0022A654 /* AppDelegate.swift */,
				627E6F48255AE01E0022A654 /* SceneDelegate.swift */,
				6210F3F9255E267100A7B964 /* ApplicationCoordinator.swift */,
			);
			path = Application;
			sourceTree = "<group>";
		};
		62D8DF1F255C166A00C58613 /* UIKit */ = {
			isa = PBXGroup;
			children = (
				62D8DF22255C16EE00C58613 /* UITableView */,
				62D8DF21255C16E400C58613 /* UICollectionView */,
			);
			path = UIKit;
			sourceTree = "<group>";
		};
		62D8DF21255C16E400C58613 /* UICollectionView */ = {
			isa = PBXGroup;
			children = (
				62D8DF2B255C1C5700C58613 /* UICollectionView+registerNibWithType.swift */,
				62D8DF27255C1B9F00C58613 /* UICollectionView+SupplementarySectionViewKind.swift */,
				62D8DF2E255C1C7B00C58613 /* UICollectionView+dequeueReusable.swift */,
			);
			path = UICollectionView;
			sourceTree = "<group>";
		};
		62D8DF22255C16EE00C58613 /* UITableView */ = {
			isa = PBXGroup;
			children = (
				62D8DF31255C1D4700C58613 /* UITableView+registerNibWithType.swift */,
				62D8DF23255C175D00C58613 /* UITableView+dequeueReusable.swift */,
			);
			path = UITableView;
			sourceTree = "<group>";
		};
		62FA7AD4255AF32600962487 /* HTTP */ = {
			isa = PBXGroup;
			children = (
				629CE6DB255F1004003D5D5A /* Encoding */,
				62FA7AE5255AF48700962487 /* HTTPSession.swift */,
				629CE6E3255F1196003D5D5A /* HTTPMethod.swift */,
				629CE6F1255F146C003D5D5A /* HTTPTask.swift */,
				62FA7AE8255AF4F200962487 /* HTTPDescribable.swift */,
				6210F418255E5D1000A7B964 /* Endpoint.swift */,
			);
			path = HTTP;
			sourceTree = "<group>";
		};
		62FA7AF1255AF70000962487 /* Foundation */ = {
			isa = PBXGroup;
			children = (
				62FA7AF2255AF71800962487 /* Dictionary+Merging.swift */,
				62FA7AD7255AF39900962487 /* CharacterSet+rfc3986.swift */,
				62FDF045255B0712005AA413 /* JSONDecoder+secondsSince1970.swift */,
				6210F3D0255DC55900A7B964 /* NSObject+assosiations.swift */,
			);
			path = Foundation;
			sourceTree = "<group>";
		};
/* End PBXGroup section */

/* Begin PBXHeadersBuildPhase section */
		624D2300255F369E00DB39A2 /* Headers */ = {
			isa = PBXHeadersBuildPhase;
			buildActionMask = 2147483647;
			files = (
				624D2317255F369E00DB39A2 /* Extensions.h in Headers */,
			);
			runOnlyForDeploymentPostprocessing = 0;
		};
		62BA7B2B255F4F85008CAECB /* Headers */ = {
			isa = PBXHeadersBuildPhase;
			buildActionMask = 2147483647;
			files = (
				62BA7B34255F4F85008CAECB /* Platform.h in Headers */,
			);
			runOnlyForDeploymentPostprocessing = 0;
		};
		62BA7B3E255F4FD0008CAECB /* Headers */ = {
			isa = PBXHeadersBuildPhase;
			buildActionMask = 2147483647;
			files = (
				62BA7B47255F4FD0008CAECB /* Domain.h in Headers */,
			);
			runOnlyForDeploymentPostprocessing = 0;
		};
/* End PBXHeadersBuildPhase section */

/* Begin PBXNativeTarget section */
		624D2304255F369E00DB39A2 /* Extensions */ = {
			isa = PBXNativeTarget;
			buildConfigurationList = 624D2321255F369E00DB39A2 /* Build configuration list for PBXNativeTarget "Extensions" */;
			buildPhases = (
				624D2300255F369E00DB39A2 /* Headers */,
				624D2301255F369E00DB39A2 /* Sources */,
				624D2302255F369E00DB39A2 /* Frameworks */,
				624D2303255F369E00DB39A2 /* Resources */,
			);
			buildRules = (
			);
			dependencies = (
			);
			name = Extensions;
			productName = Extensions;
			productReference = 624D2305255F369E00DB39A2 /* Extensions.framework */;
			productType = "com.apple.product-type.framework";
		};
		627E6F42255AE01E0022A654 /* Reddit */ = {
			isa = PBXNativeTarget;
			buildConfigurationList = 627E6F57255AE01F0022A654 /* Build configuration list for PBXNativeTarget "Reddit" */;
			buildPhases = (
				627E6F3F255AE01E0022A654 /* Sources */,
				627E6F40255AE01E0022A654 /* Frameworks */,
				627E6F41255AE01E0022A654 /* Resources */,
				624D231C255F369E00DB39A2 /* Embed Frameworks */,
			);
			buildRules = (
			);
			dependencies = (
				624D2319255F369E00DB39A2 /* PBXTargetDependency */,
				62BA7B36255F4F85008CAECB /* PBXTargetDependency */,
				62BA7B49255F4FD0008CAECB /* PBXTargetDependency */,
			);
			name = Reddit;
			productName = Reddit;
			productReference = 627E6F43255AE01E0022A654 /* Reddit.app */;
			productType = "com.apple.product-type.application";
		};
		62BA7B2F255F4F85008CAECB /* Platform */ = {
			isa = PBXNativeTarget;
			buildConfigurationList = 62BA7B3B255F4F85008CAECB /* Build configuration list for PBXNativeTarget "Platform" */;
			buildPhases = (
				62BA7B2B255F4F85008CAECB /* Headers */,
				62BA7B2C255F4F85008CAECB /* Sources */,
				62BA7B2D255F4F85008CAECB /* Frameworks */,
				62BA7B2E255F4F85008CAECB /* Resources */,
				62C237DC2561D2CA00D1FA14 /* Embed Frameworks */,
			);
			buildRules = (
			);
			dependencies = (
				62C237DB2561D2CA00D1FA14 /* PBXTargetDependency */,
			);
			name = Platform;
			productName = Platform;
			productReference = 62BA7B30255F4F85008CAECB /* Platform.framework */;
			productType = "com.apple.product-type.framework";
		};
		62BA7B42255F4FD0008CAECB /* Domain */ = {
			isa = PBXNativeTarget;
			buildConfigurationList = 62BA7B4C255F4FD0008CAECB /* Build configuration list for PBXNativeTarget "Domain" */;
			buildPhases = (
				62BA7B3E255F4FD0008CAECB /* Headers */,
				62BA7B3F255F4FD0008CAECB /* Sources */,
				62BA7B40255F4FD0008CAECB /* Frameworks */,
				62BA7B41255F4FD0008CAECB /* Resources */,
			);
			buildRules = (
			);
			dependencies = (
			);
			name = Domain;
			productName = Domain;
			productReference = 62BA7B43255F4FD0008CAECB /* Domain.framework */;
			productType = "com.apple.product-type.framework";
		};
/* End PBXNativeTarget section */

/* Begin PBXProject section */
		627E6F3B255AE01E0022A654 /* Project object */ = {
			isa = PBXProject;
			attributes = {
				LastSwiftUpdateCheck = 1220;
				LastUpgradeCheck = 1210;
				TargetAttributes = {
					624D2304255F369E00DB39A2 = {
						CreatedOnToolsVersion = 12.2;
					};
					627E6F42255AE01E0022A654 = {
						CreatedOnToolsVersion = 12.1;
					};
					62BA7B2F255F4F85008CAECB = {
						CreatedOnToolsVersion = 12.2;
					};
					62BA7B42255F4FD0008CAECB = {
						CreatedOnToolsVersion = 12.2;
					};
				};
			};
			buildConfigurationList = 627E6F3E255AE01E0022A654 /* Build configuration list for PBXProject "Reddit" */;
			compatibilityVersion = "Xcode 9.3";
			developmentRegion = en;
			hasScannedForEncodings = 0;
			knownRegions = (
				en,
				Base,
			);
			mainGroup = 627E6F3A255AE01E0022A654;
			productRefGroup = 627E6F44255AE01E0022A654 /* Products */;
			projectDirPath = "";
			projectRoot = "";
			targets = (
				627E6F42255AE01E0022A654 /* Reddit */,
				624D2304255F369E00DB39A2 /* Extensions */,
				62BA7B2F255F4F85008CAECB /* Platform */,
				62BA7B42255F4FD0008CAECB /* Domain */,
			);
		};
/* End PBXProject section */

/* Begin PBXResourcesBuildPhase section */
		624D2303255F369E00DB39A2 /* Resources */ = {
			isa = PBXResourcesBuildPhase;
			buildActionMask = 2147483647;
			files = (
			);
			runOnlyForDeploymentPostprocessing = 0;
		};
		627E6F41255AE01E0022A654 /* Resources */ = {
			isa = PBXResourcesBuildPhase;
			buildActionMask = 2147483647;
			files = (
				627E6F53255AE01F0022A654 /* LaunchScreen.storyboard in Resources */,
				627E6F50255AE01F0022A654 /* Assets.xcassets in Resources */,
				62C0CCD9255D88B5003D1A84 /* FeedCollectionViewCell.xib in Resources */,
				627E6F4E255AE01E0022A654 /* Main.storyboard in Resources */,
			);
			runOnlyForDeploymentPostprocessing = 0;
		};
		62BA7B2E255F4F85008CAECB /* Resources */ = {
			isa = PBXResourcesBuildPhase;
			buildActionMask = 2147483647;
			files = (
			);
			runOnlyForDeploymentPostprocessing = 0;
		};
		62BA7B41255F4FD0008CAECB /* Resources */ = {
			isa = PBXResourcesBuildPhase;
			buildActionMask = 2147483647;
			files = (
			);
			runOnlyForDeploymentPostprocessing = 0;
		};
/* End PBXResourcesBuildPhase section */

/* Begin PBXSourcesBuildPhase section */
		624D2301255F369E00DB39A2 /* Sources */ = {
			isa = PBXSourcesBuildPhase;
			buildActionMask = 2147483647;
			files = (
				62BA7BBE255F551B008CAECB /* Extensions.h in Sources */,
				620934CD256229C000F2E54D /* URLSession+DownloadTask.swift in Sources */,
				62BA7BBF255F551B008CAECB /* Domain.h in Sources */,
				62BA7BC0255F551B008CAECB /* Platform.h in Sources */,
				624D2326255F36C500DB39A2 /* Publisher+Bind.swift in Sources */,
				624D2327255F36C500DB39A2 /* UITableView+registerNibWithType.swift in Sources */,
				624D2328255F36C500DB39A2 /* UITableView+dequeueReusable.swift in Sources */,
				624D2329255F36C500DB39A2 /* UICollectionView+registerNibWithType.swift in Sources */,
				624D232A255F36C500DB39A2 /* UICollectionView+SupplementarySectionViewKind.swift in Sources */,
				624D232B255F36C500DB39A2 /* UICollectionView+dequeueReusable.swift in Sources */,
				624D232C255F36C500DB39A2 /* Dictionary+Merging.swift in Sources */,
				624D232D255F36C500DB39A2 /* CharacterSet+rfc3986.swift in Sources */,
				624D232E255F36C500DB39A2 /* JSONDecoder+secondsSince1970.swift in Sources */,
				624D232F255F36C500DB39A2 /* NSObject+assosiations.swift in Sources */,
			);
			runOnlyForDeploymentPostprocessing = 0;
		};
		627E6F3F255AE01E0022A654 /* Sources */ = {
			isa = PBXSourcesBuildPhase;
			buildActionMask = 2147483647;
			files = (
				62BA7BB8255F550D008CAECB /* Extensions.h in Sources */,
				62BA7BB9255F550D008CAECB /* Domain.h in Sources */,
				62BA7BBA255F550D008CAECB /* Platform.h in Sources */,
				62BA7B81255F52C7008CAECB /* AppDelegate.swift in Sources */,
				62BA7B82255F52C7008CAECB /* SceneDelegate.swift in Sources */,
				62C38E4A2562EFF50068A675 /* TransitioningController.swift in Sources */,
				62BA7B83255F52C7008CAECB /* ApplicationCoordinator.swift in Sources */,
				62BA7B84255F52C7008CAECB /* Transition.swift in Sources */,
				62BA7B85255F52C7008CAECB /* AppearingTransitioning.swift in Sources */,
				62BA7BE7255F590D008CAECB /* FeedCollectionCellViewModel.swift in Sources */,
				6244AF8D2562C6170039E3DE /* FeedDetailsViewController.swift in Sources */,
				62BA7B86255F52C7008CAECB /* DisappearingTransitioning.swift in Sources */,
				62BA7B87255F52C7008CAECB /* AnimatableCollectionViewCell.swift in Sources */,
				62BA7B88255F52C7008CAECB /* FlatCollectionViewDataSource.swift in Sources */,
				62BA7B89255F52C7008CAECB /* FeedViewModel.swift in Sources */,
				62BA7B8A255F52C7008CAECB /* FeedCollectionViewCell.swift in Sources */,
				6244AF932562C6220039E3DE /* FeedDetailsViewModel.swift in Sources */,
				62BA7B8C255F52C7008CAECB /* FeedViewController.swift in Sources */,
				62BA7B8D255F52C7008CAECB /* FeedCollectionViewFlowLayout.swift in Sources */,
			);
			runOnlyForDeploymentPostprocessing = 0;
		};
		62BA7B2C255F4F85008CAECB /* Sources */ = {
			isa = PBXSourcesBuildPhase;
			buildActionMask = 2147483647;
			files = (
				62BA7BC5255F5527008CAECB /* Domain.h in Sources */,
				62BA7BC6255F5527008CAECB /* Platform.h in Sources */,
				62BA7B63255F502A008CAECB /* ParameterEncoding.swift in Sources */,
				62BA7B64255F502A008CAECB /* URLParametersRepresentable.swift in Sources */,
				623597E82561F4820002BADB /* AnyCancallableProxy.swift in Sources */,
				62BA7B65255F502A008CAECB /* URLParameterRepresentable.swift in Sources */,
				62C237AB2561CEDA00D1FA14 /* Platform.swift in Sources */,
				62BA7B66255F502A008CAECB /* HTTPSession.swift in Sources */,
				620934D525622CA800F2E54D /* RedditPicturesService.swift in Sources */,
				62BA7B67255F502A008CAECB /* HTTPMethod.swift in Sources */,
				62C237C72561D16F00D1FA14 /* RedditEndpoint.swift in Sources */,
				62BA7B68255F502A008CAECB /* HTTPTask.swift in Sources */,
				62BA7B69255F502A008CAECB /* HTTPDescribable.swift in Sources */,
				62BA7B6A255F502B008CAECB /* Endpoint.swift in Sources */,
				62BA7B5B255F5021008CAECB /* API+Time.swift in Sources */,
				62BA7B5C255F5021008CAECB /* API+Show.swift in Sources */,
				620934E525623AC900F2E54D /* ChronoService.swift in Sources */,
				62BA7B5D255F5021008CAECB /* API+Listing.swift in Sources */,
				62BA7B5E255F5021008CAECB /* API+Listing+Direction.swift in Sources */,
				62BA7B5F255F5021008CAECB /* API.swift in Sources */,
				62BA7BD1255F561B008CAECB /* Environmental.swift in Sources */,
				62BA7B55255F4FFC008CAECB /* ViewModel.swift in Sources */,
				62BA7B56255F4FFC008CAECB /* ViewModelContainer.swift in Sources */,
				62BA7B57255F4FFC008CAECB /* ReusableViewModelContainer.swift in Sources */,
			);
			runOnlyForDeploymentPostprocessing = 0;
		};
		62BA7B3F255F4FD0008CAECB /* Sources */ = {
			isa = PBXSourcesBuildPhase;
			buildActionMask = 2147483647;
			files = (
				62C237F22561ED7000D1FA14 /* Meta.swift in Sources */,
				620934D925622CFD00F2E54D /* RedditPicturesUseCase.swift in Sources */,
				62BA7B6E255F504C008CAECB /* UseCaseProvider.swift in Sources */,
				62C237EC2561ED0C00D1FA14 /* Response.swift in Sources */,
				62C237F62561EDC000D1FA14 /* Child.swift in Sources */,
				62BA7B6F255F504C008CAECB /* RedditEndpointUseCase.swift in Sources */,
				620934E125623ABE00F2E54D /* RedditChronoUseCase.swift in Sources */,
			);
			runOnlyForDeploymentPostprocessing = 0;
		};
/* End PBXSourcesBuildPhase section */

/* Begin PBXTargetDependency section */
		624D2319255F369E00DB39A2 /* PBXTargetDependency */ = {
			isa = PBXTargetDependency;
			target = 624D2304255F369E00DB39A2 /* Extensions */;
			targetProxy = 624D2318255F369E00DB39A2 /* PBXContainerItemProxy */;
		};
		62BA7B36255F4F85008CAECB /* PBXTargetDependency */ = {
			isa = PBXTargetDependency;
			target = 62BA7B2F255F4F85008CAECB /* Platform */;
			targetProxy = 62BA7B35255F4F85008CAECB /* PBXContainerItemProxy */;
		};
		62BA7B49255F4FD0008CAECB /* PBXTargetDependency */ = {
			isa = PBXTargetDependency;
			target = 62BA7B42255F4FD0008CAECB /* Domain */;
			targetProxy = 62BA7B48255F4FD0008CAECB /* PBXContainerItemProxy */;
		};
		62C237DB2561D2CA00D1FA14 /* PBXTargetDependency */ = {
			isa = PBXTargetDependency;
			target = 624D2304255F369E00DB39A2 /* Extensions */;
			targetProxy = 62C237DA2561D2CA00D1FA14 /* PBXContainerItemProxy */;
		};
/* End PBXTargetDependency section */

/* Begin PBXVariantGroup section */
		627E6F4C255AE01E0022A654 /* Main.storyboard */ = {
			isa = PBXVariantGroup;
			children = (
				627E6F4D255AE01E0022A654 /* Base */,
			);
			name = Main.storyboard;
			sourceTree = "<group>";
		};
		627E6F51255AE01F0022A654 /* LaunchScreen.storyboard */ = {
			isa = PBXVariantGroup;
			children = (
				627E6F52255AE01F0022A654 /* Base */,
			);
			name = LaunchScreen.storyboard;
			sourceTree = "<group>";
		};
/* End PBXVariantGroup section */

/* Begin XCBuildConfiguration section */
		624D231D255F369E00DB39A2 /* Debug */ = {
			isa = XCBuildConfiguration;
			buildSettings = {
				CODE_SIGN_STYLE = Automatic;
				CURRENT_PROJECT_VERSION = 1;
				DEFINES_MODULE = YES;
				DEVELOPMENT_TEAM = W6RMDF3HTL;
				DYLIB_COMPATIBILITY_VERSION = 1;
				DYLIB_CURRENT_VERSION = 1;
				DYLIB_INSTALL_NAME_BASE = "@rpath";
				INFOPLIST_FILE = Extensions/Info.plist;
				INSTALL_PATH = "$(LOCAL_LIBRARY_DIR)/Frameworks";
				IPHONEOS_DEPLOYMENT_TARGET = 14.0;
				LD_RUNPATH_SEARCH_PATHS = (
					"$(inherited)",
					"@executable_path/Frameworks",
					"@loader_path/Frameworks",
				);
				PRODUCT_BUNDLE_IDENTIFIER = com.raketa.Extensions;
				PRODUCT_NAME = "$(TARGET_NAME:c99extidentifier)";
				SKIP_INSTALL = YES;
				SUPPORTS_MACCATALYST = NO;
				SWIFT_VERSION = 5.0;
				TARGETED_DEVICE_FAMILY = "1,2";
				VERSIONING_SYSTEM = "apple-generic";
				VERSION_INFO_PREFIX = "";
			};
			name = Debug;
		};
		624D231E255F369E00DB39A2 /* Release */ = {
			isa = XCBuildConfiguration;
			buildSettings = {
				CODE_SIGN_STYLE = Automatic;
				CURRENT_PROJECT_VERSION = 1;
				DEFINES_MODULE = YES;
				DEVELOPMENT_TEAM = W6RMDF3HTL;
				DYLIB_COMPATIBILITY_VERSION = 1;
				DYLIB_CURRENT_VERSION = 1;
				DYLIB_INSTALL_NAME_BASE = "@rpath";
				INFOPLIST_FILE = Extensions/Info.plist;
				INSTALL_PATH = "$(LOCAL_LIBRARY_DIR)/Frameworks";
				IPHONEOS_DEPLOYMENT_TARGET = 14.0;
				LD_RUNPATH_SEARCH_PATHS = (
					"$(inherited)",
					"@executable_path/Frameworks",
					"@loader_path/Frameworks",
				);
				PRODUCT_BUNDLE_IDENTIFIER = com.raketa.Extensions;
				PRODUCT_NAME = "$(TARGET_NAME:c99extidentifier)";
				SKIP_INSTALL = YES;
				SUPPORTS_MACCATALYST = NO;
				SWIFT_VERSION = 5.0;
				TARGETED_DEVICE_FAMILY = "1,2";
				VERSIONING_SYSTEM = "apple-generic";
				VERSION_INFO_PREFIX = "";
			};
			name = Release;
		};
		627E6F55255AE01F0022A654 /* Debug */ = {
			isa = XCBuildConfiguration;
			buildSettings = {
				ALWAYS_SEARCH_USER_PATHS = NO;
				CLANG_ANALYZER_NONNULL = YES;
				CLANG_ANALYZER_NUMBER_OBJECT_CONVERSION = YES_AGGRESSIVE;
				CLANG_CXX_LANGUAGE_STANDARD = "gnu++14";
				CLANG_CXX_LIBRARY = "libc++";
				CLANG_ENABLE_MODULES = YES;
				CLANG_ENABLE_OBJC_ARC = YES;
				CLANG_ENABLE_OBJC_WEAK = YES;
				CLANG_WARN_BLOCK_CAPTURE_AUTORELEASING = YES;
				CLANG_WARN_BOOL_CONVERSION = YES;
				CLANG_WARN_COMMA = YES;
				CLANG_WARN_CONSTANT_CONVERSION = YES;
				CLANG_WARN_DEPRECATED_OBJC_IMPLEMENTATIONS = YES;
				CLANG_WARN_DIRECT_OBJC_ISA_USAGE = YES_ERROR;
				CLANG_WARN_DOCUMENTATION_COMMENTS = YES;
				CLANG_WARN_EMPTY_BODY = YES;
				CLANG_WARN_ENUM_CONVERSION = YES;
				CLANG_WARN_INFINITE_RECURSION = YES;
				CLANG_WARN_INT_CONVERSION = YES;
				CLANG_WARN_NON_LITERAL_NULL_CONVERSION = YES;
				CLANG_WARN_OBJC_IMPLICIT_RETAIN_SELF = YES;
				CLANG_WARN_OBJC_LITERAL_CONVERSION = YES;
				CLANG_WARN_OBJC_ROOT_CLASS = YES_ERROR;
				CLANG_WARN_QUOTED_INCLUDE_IN_FRAMEWORK_HEADER = YES;
				CLANG_WARN_RANGE_LOOP_ANALYSIS = YES;
				CLANG_WARN_STRICT_PROTOTYPES = YES;
				CLANG_WARN_SUSPICIOUS_MOVE = YES;
				CLANG_WARN_UNGUARDED_AVAILABILITY = YES_AGGRESSIVE;
				CLANG_WARN_UNREACHABLE_CODE = YES;
				CLANG_WARN__DUPLICATE_METHOD_MATCH = YES;
				COPY_PHASE_STRIP = NO;
				DEBUG_INFORMATION_FORMAT = dwarf;
				ENABLE_STRICT_OBJC_MSGSEND = YES;
				ENABLE_TESTABILITY = YES;
				GCC_C_LANGUAGE_STANDARD = gnu11;
				GCC_DYNAMIC_NO_PIC = NO;
				GCC_NO_COMMON_BLOCKS = YES;
				GCC_OPTIMIZATION_LEVEL = 0;
				GCC_PREPROCESSOR_DEFINITIONS = (
					"DEBUG=1",
					"$(inherited)",
				);
				GCC_WARN_64_TO_32_BIT_CONVERSION = YES;
				GCC_WARN_ABOUT_RETURN_TYPE = YES_ERROR;
				GCC_WARN_UNDECLARED_SELECTOR = YES;
				GCC_WARN_UNINITIALIZED_AUTOS = YES_AGGRESSIVE;
				GCC_WARN_UNUSED_FUNCTION = YES;
				GCC_WARN_UNUSED_VARIABLE = YES;
				IPHONEOS_DEPLOYMENT_TARGET = 14.1;
				MTL_ENABLE_DEBUG_INFO = INCLUDE_SOURCE;
				MTL_FAST_MATH = YES;
				ONLY_ACTIVE_ARCH = YES;
				SDKROOT = iphoneos;
				SWIFT_ACTIVE_COMPILATION_CONDITIONS = DEBUG;
				SWIFT_OPTIMIZATION_LEVEL = "-Onone";
			};
			name = Debug;
		};
		627E6F56255AE01F0022A654 /* Release */ = {
			isa = XCBuildConfiguration;
			buildSettings = {
				ALWAYS_SEARCH_USER_PATHS = NO;
				CLANG_ANALYZER_NONNULL = YES;
				CLANG_ANALYZER_NUMBER_OBJECT_CONVERSION = YES_AGGRESSIVE;
				CLANG_CXX_LANGUAGE_STANDARD = "gnu++14";
				CLANG_CXX_LIBRARY = "libc++";
				CLANG_ENABLE_MODULES = YES;
				CLANG_ENABLE_OBJC_ARC = YES;
				CLANG_ENABLE_OBJC_WEAK = YES;
				CLANG_WARN_BLOCK_CAPTURE_AUTORELEASING = YES;
				CLANG_WARN_BOOL_CONVERSION = YES;
				CLANG_WARN_COMMA = YES;
				CLANG_WARN_CONSTANT_CONVERSION = YES;
				CLANG_WARN_DEPRECATED_OBJC_IMPLEMENTATIONS = YES;
				CLANG_WARN_DIRECT_OBJC_ISA_USAGE = YES_ERROR;
				CLANG_WARN_DOCUMENTATION_COMMENTS = YES;
				CLANG_WARN_EMPTY_BODY = YES;
				CLANG_WARN_ENUM_CONVERSION = YES;
				CLANG_WARN_INFINITE_RECURSION = YES;
				CLANG_WARN_INT_CONVERSION = YES;
				CLANG_WARN_NON_LITERAL_NULL_CONVERSION = YES;
				CLANG_WARN_OBJC_IMPLICIT_RETAIN_SELF = YES;
				CLANG_WARN_OBJC_LITERAL_CONVERSION = YES;
				CLANG_WARN_OBJC_ROOT_CLASS = YES_ERROR;
				CLANG_WARN_QUOTED_INCLUDE_IN_FRAMEWORK_HEADER = YES;
				CLANG_WARN_RANGE_LOOP_ANALYSIS = YES;
				CLANG_WARN_STRICT_PROTOTYPES = YES;
				CLANG_WARN_SUSPICIOUS_MOVE = YES;
				CLANG_WARN_UNGUARDED_AVAILABILITY = YES_AGGRESSIVE;
				CLANG_WARN_UNREACHABLE_CODE = YES;
				CLANG_WARN__DUPLICATE_METHOD_MATCH = YES;
				COPY_PHASE_STRIP = NO;
				DEBUG_INFORMATION_FORMAT = "dwarf-with-dsym";
				ENABLE_NS_ASSERTIONS = NO;
				ENABLE_STRICT_OBJC_MSGSEND = YES;
				GCC_C_LANGUAGE_STANDARD = gnu11;
				GCC_NO_COMMON_BLOCKS = YES;
				GCC_WARN_64_TO_32_BIT_CONVERSION = YES;
				GCC_WARN_ABOUT_RETURN_TYPE = YES_ERROR;
				GCC_WARN_UNDECLARED_SELECTOR = YES;
				GCC_WARN_UNINITIALIZED_AUTOS = YES_AGGRESSIVE;
				GCC_WARN_UNUSED_FUNCTION = YES;
				GCC_WARN_UNUSED_VARIABLE = YES;
				IPHONEOS_DEPLOYMENT_TARGET = 14.1;
				MTL_ENABLE_DEBUG_INFO = NO;
				MTL_FAST_MATH = YES;
				SDKROOT = iphoneos;
				SWIFT_COMPILATION_MODE = wholemodule;
				SWIFT_OPTIMIZATION_LEVEL = "-O";
				VALIDATE_PRODUCT = YES;
			};
			name = Release;
		};
		627E6F58255AE01F0022A654 /* Debug */ = {
			isa = XCBuildConfiguration;
			buildSettings = {
				ALWAYS_EMBED_SWIFT_STANDARD_LIBRARIES = YES;
				ASSETCATALOG_COMPILER_APPICON_NAME = AppIcon;
				ASSETCATALOG_COMPILER_GLOBAL_ACCENT_COLOR_NAME = AccentColor;
				CODE_SIGN_STYLE = Automatic;
				DEVELOPMENT_TEAM = W6RMDF3HTL;
				INFOPLIST_FILE = "$(SRCROOT)/Reddit/Configuration/Info.plist";
				IPHONEOS_DEPLOYMENT_TARGET = 14.0;
				LD_RUNPATH_SEARCH_PATHS = (
					"$(inherited)",
					"@executable_path/Frameworks",
				);
				PRODUCT_BUNDLE_IDENTIFIER = com.raketa.Reddit;
				PRODUCT_NAME = "$(TARGET_NAME)";
				SWIFT_VERSION = 5.0;
				TARGETED_DEVICE_FAMILY = "1,2";
			};
			name = Debug;
		};
		627E6F59255AE01F0022A654 /* Release */ = {
			isa = XCBuildConfiguration;
			buildSettings = {
				ALWAYS_EMBED_SWIFT_STANDARD_LIBRARIES = YES;
				ASSETCATALOG_COMPILER_APPICON_NAME = AppIcon;
				ASSETCATALOG_COMPILER_GLOBAL_ACCENT_COLOR_NAME = AccentColor;
				CODE_SIGN_STYLE = Automatic;
				DEVELOPMENT_TEAM = W6RMDF3HTL;
				INFOPLIST_FILE = "$(SRCROOT)/Reddit/Configuration/Info.plist";
				IPHONEOS_DEPLOYMENT_TARGET = 14.0;
				LD_RUNPATH_SEARCH_PATHS = (
					"$(inherited)",
					"@executable_path/Frameworks",
				);
				PRODUCT_BUNDLE_IDENTIFIER = com.raketa.Reddit;
				PRODUCT_NAME = "$(TARGET_NAME)";
				SWIFT_VERSION = 5.0;
				TARGETED_DEVICE_FAMILY = "1,2";
			};
			name = Release;
		};
		62BA7B39255F4F85008CAECB /* Debug */ = {
			isa = XCBuildConfiguration;
			buildSettings = {
				CODE_SIGN_STYLE = Automatic;
				CURRENT_PROJECT_VERSION = 1;
				DEFINES_MODULE = YES;
				DEVELOPMENT_TEAM = W6RMDF3HTL;
				DYLIB_COMPATIBILITY_VERSION = 1;
				DYLIB_CURRENT_VERSION = 1;
				DYLIB_INSTALL_NAME_BASE = "@rpath";
				INFOPLIST_FILE = Platform/Info.plist;
				INSTALL_PATH = "$(LOCAL_LIBRARY_DIR)/Frameworks";
				IPHONEOS_DEPLOYMENT_TARGET = 14.0;
				LD_RUNPATH_SEARCH_PATHS = (
					"$(inherited)",
					"@executable_path/Frameworks",
					"@loader_path/Frameworks",
				);
				PRODUCT_BUNDLE_IDENTIFIER = com.raketa.Platform;
				PRODUCT_NAME = "$(TARGET_NAME:c99extidentifier)";
				SKIP_INSTALL = YES;
				SUPPORTS_MACCATALYST = NO;
				SWIFT_VERSION = 5.0;
				TARGETED_DEVICE_FAMILY = "1,2";
				VERSIONING_SYSTEM = "apple-generic";
				VERSION_INFO_PREFIX = "";
			};
			name = Debug;
		};
		62BA7B3A255F4F85008CAECB /* Release */ = {
			isa = XCBuildConfiguration;
			buildSettings = {
				CODE_SIGN_STYLE = Automatic;
				CURRENT_PROJECT_VERSION = 1;
				DEFINES_MODULE = YES;
				DEVELOPMENT_TEAM = W6RMDF3HTL;
				DYLIB_COMPATIBILITY_VERSION = 1;
				DYLIB_CURRENT_VERSION = 1;
				DYLIB_INSTALL_NAME_BASE = "@rpath";
				INFOPLIST_FILE = Platform/Info.plist;
				INSTALL_PATH = "$(LOCAL_LIBRARY_DIR)/Frameworks";
				IPHONEOS_DEPLOYMENT_TARGET = 14.0;
				LD_RUNPATH_SEARCH_PATHS = (
					"$(inherited)",
					"@executable_path/Frameworks",
					"@loader_path/Frameworks",
				);
				PRODUCT_BUNDLE_IDENTIFIER = com.raketa.Platform;
				PRODUCT_NAME = "$(TARGET_NAME:c99extidentifier)";
				SKIP_INSTALL = YES;
				SUPPORTS_MACCATALYST = NO;
				SWIFT_VERSION = 5.0;
				TARGETED_DEVICE_FAMILY = "1,2";
				VERSIONING_SYSTEM = "apple-generic";
				VERSION_INFO_PREFIX = "";
			};
			name = Release;
		};
		62BA7B4D255F4FD0008CAECB /* Debug */ = {
			isa = XCBuildConfiguration;
			buildSettings = {
				CODE_SIGN_STYLE = Automatic;
				CURRENT_PROJECT_VERSION = 1;
				DEFINES_MODULE = YES;
				DEVELOPMENT_TEAM = W6RMDF3HTL;
				DYLIB_COMPATIBILITY_VERSION = 1;
				DYLIB_CURRENT_VERSION = 1;
				DYLIB_INSTALL_NAME_BASE = "@rpath";
				INFOPLIST_FILE = Domain/Info.plist;
				INSTALL_PATH = "$(LOCAL_LIBRARY_DIR)/Frameworks";
				IPHONEOS_DEPLOYMENT_TARGET = 14.0;
				LD_RUNPATH_SEARCH_PATHS = (
					"$(inherited)",
					"@executable_path/Frameworks",
					"@loader_path/Frameworks",
				);
				PRODUCT_BUNDLE_IDENTIFIER = com.raketa.Domain;
				PRODUCT_NAME = "$(TARGET_NAME:c99extidentifier)";
				SKIP_INSTALL = YES;
				SUPPORTS_MACCATALYST = NO;
				SWIFT_VERSION = 5.0;
				TARGETED_DEVICE_FAMILY = "1,2";
				VERSIONING_SYSTEM = "apple-generic";
				VERSION_INFO_PREFIX = "";
			};
			name = Debug;
		};
		62BA7B4E255F4FD0008CAECB /* Release */ = {
			isa = XCBuildConfiguration;
			buildSettings = {
				CODE_SIGN_STYLE = Automatic;
				CURRENT_PROJECT_VERSION = 1;
				DEFINES_MODULE = YES;
				DEVELOPMENT_TEAM = W6RMDF3HTL;
				DYLIB_COMPATIBILITY_VERSION = 1;
				DYLIB_CURRENT_VERSION = 1;
				DYLIB_INSTALL_NAME_BASE = "@rpath";
				INFOPLIST_FILE = Domain/Info.plist;
				INSTALL_PATH = "$(LOCAL_LIBRARY_DIR)/Frameworks";
				IPHONEOS_DEPLOYMENT_TARGET = 14.0;
				LD_RUNPATH_SEARCH_PATHS = (
					"$(inherited)",
					"@executable_path/Frameworks",
					"@loader_path/Frameworks",
				);
				PRODUCT_BUNDLE_IDENTIFIER = com.raketa.Domain;
				PRODUCT_NAME = "$(TARGET_NAME:c99extidentifier)";
				SKIP_INSTALL = YES;
				SUPPORTS_MACCATALYST = NO;
				SWIFT_VERSION = 5.0;
				TARGETED_DEVICE_FAMILY = "1,2";
				VERSIONING_SYSTEM = "apple-generic";
				VERSION_INFO_PREFIX = "";
			};
			name = Release;
		};
/* End XCBuildConfiguration section */

/* Begin XCConfigurationList section */
		624D2321255F369E00DB39A2 /* Build configuration list for PBXNativeTarget "Extensions" */ = {
			isa = XCConfigurationList;
			buildConfigurations = (
				624D231D255F369E00DB39A2 /* Debug */,
				624D231E255F369E00DB39A2 /* Release */,
			);
			defaultConfigurationIsVisible = 0;
			defaultConfigurationName = Release;
		};
		627E6F3E255AE01E0022A654 /* Build configuration list for PBXProject "Reddit" */ = {
			isa = XCConfigurationList;
			buildConfigurations = (
				627E6F55255AE01F0022A654 /* Debug */,
				627E6F56255AE01F0022A654 /* Release */,
			);
			defaultConfigurationIsVisible = 0;
			defaultConfigurationName = Release;
		};
		627E6F57255AE01F0022A654 /* Build configuration list for PBXNativeTarget "Reddit" */ = {
			isa = XCConfigurationList;
			buildConfigurations = (
				627E6F58255AE01F0022A654 /* Debug */,
				627E6F59255AE01F0022A654 /* Release */,
			);
			defaultConfigurationIsVisible = 0;
			defaultConfigurationName = Release;
		};
		62BA7B3B255F4F85008CAECB /* Build configuration list for PBXNativeTarget "Platform" */ = {
			isa = XCConfigurationList;
			buildConfigurations = (
				62BA7B39255F4F85008CAECB /* Debug */,
				62BA7B3A255F4F85008CAECB /* Release */,
			);
			defaultConfigurationIsVisible = 0;
			defaultConfigurationName = Release;
		};
		62BA7B4C255F4FD0008CAECB /* Build configuration list for PBXNativeTarget "Domain" */ = {
			isa = XCConfigurationList;
			buildConfigurations = (
				62BA7B4D255F4FD0008CAECB /* Debug */,
				62BA7B4E255F4FD0008CAECB /* Release */,
			);
			defaultConfigurationIsVisible = 0;
			defaultConfigurationName = Release;
		};
/* End XCConfigurationList section */
	};
	rootObject = 627E6F3B255AE01E0022A654 /* Project object */;
}
